// !$*UTF8*$!
{
	archiveVersion = 1;
	classes = {
	};
	objectVersion = 55;
	objects = {

/* Begin PBXBuildFile section */
		B1A36AB9287AA26A00DE64C8 /* AppDelegate.swift in Sources */ = {isa = PBXBuildFile; fileRef = B1A36AB8287AA26A00DE64C8 /* AppDelegate.swift */; };
		B1A36ABB287AA26A00DE64C8 /* SceneDelegate.swift in Sources */ = {isa = PBXBuildFile; fileRef = B1A36ABA287AA26A00DE64C8 /* SceneDelegate.swift */; };
		B1A36ABD287AA26A00DE64C8 /* ViewController.swift in Sources */ = {isa = PBXBuildFile; fileRef = B1A36ABC287AA26A00DE64C8 /* ViewController.swift */; };
		B1A36AC2287AA26B00DE64C8 /* Assets.xcassets in Resources */ = {isa = PBXBuildFile; fileRef = B1A36AC1287AA26B00DE64C8 /* Assets.xcassets */; };
		B1A36AC5287AA26B00DE64C8 /* LaunchScreen.storyboard in Resources */ = {isa = PBXBuildFile; fileRef = B1A36AC3287AA26B00DE64C8 /* LaunchScreen.storyboard */; };
		B1A36AD0287AA26B00DE64C8 /* FoorunTests.swift in Sources */ = {isa = PBXBuildFile; fileRef = B1A36ACF287AA26B00DE64C8 /* FoorunTests.swift */; };
		B1A36ADA287AA26B00DE64C8 /* FoorunUITests.swift in Sources */ = {isa = PBXBuildFile; fileRef = B1A36AD9287AA26B00DE64C8 /* FoorunUITests.swift */; };
		B1A36ADC287AA26B00DE64C8 /* FoorunUITestsLaunchTests.swift in Sources */ = {isa = PBXBuildFile; fileRef = B1A36ADB287AA26B00DE64C8 /* FoorunUITestsLaunchTests.swift */; };
		B1A36B73287AAA0D00DE64C8 /* FoorunKey.framework in Frameworks */ = {isa = PBXBuildFile; fileRef = B1A36B72287AAA0D00DE64C8 /* FoorunKey.framework */; };
		B1A36B74287AAA0D00DE64C8 /* FoorunKey.framework in Embed Frameworks */ = {isa = PBXBuildFile; fileRef = B1A36B72287AAA0D00DE64C8 /* FoorunKey.framework */; settings = {ATTRIBUTES = (CodeSignOnCopy, RemoveHeadersOnCopy, ); }; };
		B1A36B78287AACE200DE64C8 /* Logger in Frameworks */ = {isa = PBXBuildFile; productRef = B1A36B77287AACE200DE64C8 /* Logger */; };
		B1A36B7B287AB01400DE64C8 /* SnapKit in Frameworks */ = {isa = PBXBuildFile; productRef = B1A36B7A287AB01400DE64C8 /* SnapKit */; };
		B1A36B7E287AB04D00DE64C8 /* Then in Frameworks */ = {isa = PBXBuildFile; productRef = B1A36B7D287AB04D00DE64C8 /* Then */; };
/* End PBXBuildFile section */

/* Begin PBXContainerItemProxy section */
		B1A36ACC287AA26B00DE64C8 /* PBXContainerItemProxy */ = {
			isa = PBXContainerItemProxy;
			containerPortal = B1A36AAD287AA26A00DE64C8 /* Project object */;
			proxyType = 1;
			remoteGlobalIDString = B1A36AB4287AA26A00DE64C8;
			remoteInfo = Foorun;
		};
		B1A36AD6287AA26B00DE64C8 /* PBXContainerItemProxy */ = {
			isa = PBXContainerItemProxy;
			containerPortal = B1A36AAD287AA26A00DE64C8 /* Project object */;
			proxyType = 1;
			remoteGlobalIDString = B1A36AB4287AA26A00DE64C8;
			remoteInfo = Foorun;
		};
/* End PBXContainerItemProxy section */

/* Begin PBXCopyFilesBuildPhase section */
		B1A36B75287AAA0E00DE64C8 /* Embed Frameworks */ = {
			isa = PBXCopyFilesBuildPhase;
			buildActionMask = 2147483647;
			dstPath = "";
			dstSubfolderSpec = 10;
			files = (
				B1A36B74287AAA0D00DE64C8 /* FoorunKey.framework in Embed Frameworks */,
			);
			name = "Embed Frameworks";
			runOnlyForDeploymentPostprocessing = 0;
		};
/* End PBXCopyFilesBuildPhase section */

/* Begin PBXFileReference section */
		B1A36AB5287AA26A00DE64C8 /* Foorun.app */ = {isa = PBXFileReference; explicitFileType = wrapper.application; includeInIndex = 0; path = Foorun.app; sourceTree = BUILT_PRODUCTS_DIR; };
		B1A36AB8287AA26A00DE64C8 /* AppDelegate.swift */ = {isa = PBXFileReference; lastKnownFileType = sourcecode.swift; path = AppDelegate.swift; sourceTree = "<group>"; };
		B1A36ABA287AA26A00DE64C8 /* SceneDelegate.swift */ = {isa = PBXFileReference; lastKnownFileType = sourcecode.swift; path = SceneDelegate.swift; sourceTree = "<group>"; };
		B1A36ABC287AA26A00DE64C8 /* ViewController.swift */ = {isa = PBXFileReference; lastKnownFileType = sourcecode.swift; path = ViewController.swift; sourceTree = "<group>"; };
		B1A36AC1287AA26B00DE64C8 /* Assets.xcassets */ = {isa = PBXFileReference; lastKnownFileType = folder.assetcatalog; path = Assets.xcassets; sourceTree = "<group>"; };
		B1A36AC4287AA26B00DE64C8 /* Base */ = {isa = PBXFileReference; lastKnownFileType = file.storyboard; name = Base; path = Base.lproj/LaunchScreen.storyboard; sourceTree = "<group>"; };
		B1A36AC6287AA26B00DE64C8 /* Info.plist */ = {isa = PBXFileReference; lastKnownFileType = text.plist.xml; path = Info.plist; sourceTree = "<group>"; };
		B1A36ACB287AA26B00DE64C8 /* FoorunTests.xctest */ = {isa = PBXFileReference; explicitFileType = wrapper.cfbundle; includeInIndex = 0; path = FoorunTests.xctest; sourceTree = BUILT_PRODUCTS_DIR; };
		B1A36ACF287AA26B00DE64C8 /* FoorunTests.swift */ = {isa = PBXFileReference; lastKnownFileType = sourcecode.swift; path = FoorunTests.swift; sourceTree = "<group>"; };
		B1A36AD5287AA26B00DE64C8 /* FoorunUITests.xctest */ = {isa = PBXFileReference; explicitFileType = wrapper.cfbundle; includeInIndex = 0; path = FoorunUITests.xctest; sourceTree = BUILT_PRODUCTS_DIR; };
		B1A36AD9287AA26B00DE64C8 /* FoorunUITests.swift */ = {isa = PBXFileReference; lastKnownFileType = sourcecode.swift; path = FoorunUITests.swift; sourceTree = "<group>"; };
		B1A36ADB287AA26B00DE64C8 /* FoorunUITestsLaunchTests.swift */ = {isa = PBXFileReference; lastKnownFileType = sourcecode.swift; path = FoorunUITestsLaunchTests.swift; sourceTree = "<group>"; };
		B1A36B72287AAA0D00DE64C8 /* FoorunKey.framework */ = {isa = PBXFileReference; explicitFileType = wrapper.framework; path = FoorunKey.framework; sourceTree = BUILT_PRODUCTS_DIR; };
/* End PBXFileReference section */

/* Begin PBXFrameworksBuildPhase section */
		B1A36AB2287AA26A00DE64C8 /* Frameworks */ = {
			isa = PBXFrameworksBuildPhase;
			buildActionMask = 2147483647;
			files = (
				B1A36B7B287AB01400DE64C8 /* SnapKit in Frameworks */,
				B1A36B78287AACE200DE64C8 /* Logger in Frameworks */,
				B1A36B73287AAA0D00DE64C8 /* FoorunKey.framework in Frameworks */,
				B1A36B7E287AB04D00DE64C8 /* Then in Frameworks */,
			);
			runOnlyForDeploymentPostprocessing = 0;
		};
		B1A36AC8287AA26B00DE64C8 /* Frameworks */ = {
			isa = PBXFrameworksBuildPhase;
			buildActionMask = 2147483647;
			files = (
			);
			runOnlyForDeploymentPostprocessing = 0;
		};
		B1A36AD2287AA26B00DE64C8 /* Frameworks */ = {
			isa = PBXFrameworksBuildPhase;
			buildActionMask = 2147483647;
			files = (
			);
			runOnlyForDeploymentPostprocessing = 0;
		};
/* End PBXFrameworksBuildPhase section */

/* Begin PBXGroup section */
		B1A36AAC287AA26A00DE64C8 = {
			isa = PBXGroup;
			children = (
				B1A36AB7287AA26A00DE64C8 /* Foorun */,
				B1A36ACE287AA26B00DE64C8 /* FoorunTests */,
				B1A36AD8287AA26B00DE64C8 /* FoorunUITests */,
				B1A36AB6287AA26A00DE64C8 /* Products */,
				B1A36B71287AAA0D00DE64C8 /* Frameworks */,
			);
			sourceTree = "<group>";
		};
		B1A36AB6287AA26A00DE64C8 /* Products */ = {
			isa = PBXGroup;
			children = (
				B1A36AB5287AA26A00DE64C8 /* Foorun.app */,
				B1A36ACB287AA26B00DE64C8 /* FoorunTests.xctest */,
				B1A36AD5287AA26B00DE64C8 /* FoorunUITests.xctest */,
			);
			name = Products;
			sourceTree = "<group>";
		};
		B1A36AB7287AA26A00DE64C8 /* Foorun */ = {
			isa = PBXGroup;
			children = (
				B1A36AB8287AA26A00DE64C8 /* AppDelegate.swift */,
				B1A36ABA287AA26A00DE64C8 /* SceneDelegate.swift */,
				B1A36ABC287AA26A00DE64C8 /* ViewController.swift */,
				B1A36AC1287AA26B00DE64C8 /* Assets.xcassets */,
				B1A36AC3287AA26B00DE64C8 /* LaunchScreen.storyboard */,
				B1A36AC6287AA26B00DE64C8 /* Info.plist */,
			);
			path = Foorun;
			sourceTree = "<group>";
		};
		B1A36ACE287AA26B00DE64C8 /* FoorunTests */ = {
			isa = PBXGroup;
			children = (
				B1A36ACF287AA26B00DE64C8 /* FoorunTests.swift */,
			);
			path = FoorunTests;
			sourceTree = "<group>";
		};
		B1A36AD8287AA26B00DE64C8 /* FoorunUITests */ = {
			isa = PBXGroup;
			children = (
				B1A36AD9287AA26B00DE64C8 /* FoorunUITests.swift */,
				B1A36ADB287AA26B00DE64C8 /* FoorunUITestsLaunchTests.swift */,
			);
			path = FoorunUITests;
			sourceTree = "<group>";
		};
		B1A36B71287AAA0D00DE64C8 /* Frameworks */ = {
			isa = PBXGroup;
			children = (
				B1A36B72287AAA0D00DE64C8 /* FoorunKey.framework */,
			);
			name = Frameworks;
			sourceTree = "<group>";
		};
/* End PBXGroup section */

/* Begin PBXNativeTarget section */
		B1A36AB4287AA26A00DE64C8 /* Foorun */ = {
			isa = PBXNativeTarget;
			buildConfigurationList = B1A36ADF287AA26B00DE64C8 /* Build configuration list for PBXNativeTarget "Foorun" */;
			buildPhases = (
				B1A36AB1287AA26A00DE64C8 /* Sources */,
				B1A36AB2287AA26A00DE64C8 /* Frameworks */,
				B1A36AB3287AA26A00DE64C8 /* Resources */,
				B1A36B75287AAA0E00DE64C8 /* Embed Frameworks */,
			);
			buildRules = (
			);
			dependencies = (
			);
			name = Foorun;
			packageProductDependencies = (
				B1A36B77287AACE200DE64C8 /* Logger */,
				B1A36B7A287AB01400DE64C8 /* SnapKit */,
				B1A36B7D287AB04D00DE64C8 /* Then */,
			);
			productName = Foorun;
			productReference = B1A36AB5287AA26A00DE64C8 /* Foorun.app */;
			productType = "com.apple.product-type.application";
		};
		B1A36ACA287AA26B00DE64C8 /* FoorunTests */ = {
			isa = PBXNativeTarget;
			buildConfigurationList = B1A36AE2287AA26B00DE64C8 /* Build configuration list for PBXNativeTarget "FoorunTests" */;
			buildPhases = (
				B1A36AC7287AA26B00DE64C8 /* Sources */,
				B1A36AC8287AA26B00DE64C8 /* Frameworks */,
				B1A36AC9287AA26B00DE64C8 /* Resources */,
			);
			buildRules = (
			);
			dependencies = (
				B1A36ACD287AA26B00DE64C8 /* PBXTargetDependency */,
			);
			name = FoorunTests;
			productName = FoorunTests;
			productReference = B1A36ACB287AA26B00DE64C8 /* FoorunTests.xctest */;
			productType = "com.apple.product-type.bundle.unit-test";
		};
		B1A36AD4287AA26B00DE64C8 /* FoorunUITests */ = {
			isa = PBXNativeTarget;
			buildConfigurationList = B1A36AE5287AA26B00DE64C8 /* Build configuration list for PBXNativeTarget "FoorunUITests" */;
			buildPhases = (
				B1A36AD1287AA26B00DE64C8 /* Sources */,
				B1A36AD2287AA26B00DE64C8 /* Frameworks */,
				B1A36AD3287AA26B00DE64C8 /* Resources */,
			);
			buildRules = (
			);
			dependencies = (
				B1A36AD7287AA26B00DE64C8 /* PBXTargetDependency */,
			);
			name = FoorunUITests;
			productName = FoorunUITests;
			productReference = B1A36AD5287AA26B00DE64C8 /* FoorunUITests.xctest */;
			productType = "com.apple.product-type.bundle.ui-testing";
		};
/* End PBXNativeTarget section */

/* Begin PBXProject section */
		B1A36AAD287AA26A00DE64C8 /* Project object */ = {
			isa = PBXProject;
			attributes = {
				BuildIndependentTargetsInParallel = 1;
				LastSwiftUpdateCheck = 1320;
				LastUpgradeCheck = 1320;
				TargetAttributes = {
					B1A36AB4287AA26A00DE64C8 = {
						CreatedOnToolsVersion = 13.2.1;
					};
					B1A36ACA287AA26B00DE64C8 = {
						CreatedOnToolsVersion = 13.2.1;
						TestTargetID = B1A36AB4287AA26A00DE64C8;
					};
					B1A36AD4287AA26B00DE64C8 = {
						CreatedOnToolsVersion = 13.2.1;
						TestTargetID = B1A36AB4287AA26A00DE64C8;
					};
				};
			};
			buildConfigurationList = B1A36AB0287AA26A00DE64C8 /* Build configuration list for PBXProject "Foorun" */;
			compatibilityVersion = "Xcode 13.0";
			developmentRegion = en;
			hasScannedForEncodings = 0;
			knownRegions = (
				en,
				Base,
			);
			mainGroup = B1A36AAC287AA26A00DE64C8;
			packageReferences = (
				B1A36B76287AACE200DE64C8 /* XCRemoteSwiftPackageReference "Logger" */,
				B1A36B79287AB01400DE64C8 /* XCRemoteSwiftPackageReference "SnapKit" */,
				B1A36B7C287AB04D00DE64C8 /* XCRemoteSwiftPackageReference "Then" */,
			);
			productRefGroup = B1A36AB6287AA26A00DE64C8 /* Products */;
			projectDirPath = "";
			projectRoot = "";
			targets = (
				B1A36AB4287AA26A00DE64C8 /* Foorun */,
				B1A36ACA287AA26B00DE64C8 /* FoorunTests */,
				B1A36AD4287AA26B00DE64C8 /* FoorunUITests */,
			);
		};
/* End PBXProject section */

/* Begin PBXResourcesBuildPhase section */
		B1A36AB3287AA26A00DE64C8 /* Resources */ = {
			isa = PBXResourcesBuildPhase;
			buildActionMask = 2147483647;
			files = (
				B1A36AC5287AA26B00DE64C8 /* LaunchScreen.storyboard in Resources */,
				B1A36AC2287AA26B00DE64C8 /* Assets.xcassets in Resources */,
			);
			runOnlyForDeploymentPostprocessing = 0;
		};
		B1A36AC9287AA26B00DE64C8 /* Resources */ = {
			isa = PBXResourcesBuildPhase;
			buildActionMask = 2147483647;
			files = (
			);
			runOnlyForDeploymentPostprocessing = 0;
		};
		B1A36AD3287AA26B00DE64C8 /* Resources */ = {
			isa = PBXResourcesBuildPhase;
			buildActionMask = 2147483647;
			files = (
			);
			runOnlyForDeploymentPostprocessing = 0;
		};
/* End PBXResourcesBuildPhase section */

/* Begin PBXSourcesBuildPhase section */
		B1A36AB1287AA26A00DE64C8 /* Sources */ = {
			isa = PBXSourcesBuildPhase;
			buildActionMask = 2147483647;
			files = (
				B1A36ABD287AA26A00DE64C8 /* ViewController.swift in Sources */,
				B1A36AB9287AA26A00DE64C8 /* AppDelegate.swift in Sources */,
				B1A36ABB287AA26A00DE64C8 /* SceneDelegate.swift in Sources */,
			);
			runOnlyForDeploymentPostprocessing = 0;
		};
		B1A36AC7287AA26B00DE64C8 /* Sources */ = {
			isa = PBXSourcesBuildPhase;
			buildActionMask = 2147483647;
			files = (
				B1A36AD0287AA26B00DE64C8 /* FoorunTests.swift in Sources */,
			);
			runOnlyForDeploymentPostprocessing = 0;
		};
		B1A36AD1287AA26B00DE64C8 /* Sources */ = {
			isa = PBXSourcesBuildPhase;
			buildActionMask = 2147483647;
			files = (
				B1A36ADA287AA26B00DE64C8 /* FoorunUITests.swift in Sources */,
				B1A36ADC287AA26B00DE64C8 /* FoorunUITestsLaunchTests.swift in Sources */,
			);
			runOnlyForDeploymentPostprocessing = 0;
		};
/* End PBXSourcesBuildPhase section */

/* Begin PBXTargetDependency section */
		B1A36ACD287AA26B00DE64C8 /* PBXTargetDependency */ = {
			isa = PBXTargetDependency;
			target = B1A36AB4287AA26A00DE64C8 /* Foorun */;
			targetProxy = B1A36ACC287AA26B00DE64C8 /* PBXContainerItemProxy */;
		};
		B1A36AD7287AA26B00DE64C8 /* PBXTargetDependency */ = {
			isa = PBXTargetDependency;
			target = B1A36AB4287AA26A00DE64C8 /* Foorun */;
			targetProxy = B1A36AD6287AA26B00DE64C8 /* PBXContainerItemProxy */;
		};
/* End PBXTargetDependency section */

/* Begin PBXVariantGroup section */
		B1A36AC3287AA26B00DE64C8 /* LaunchScreen.storyboard */ = {
			isa = PBXVariantGroup;
			children = (
				B1A36AC4287AA26B00DE64C8 /* Base */,
			);
			name = LaunchScreen.storyboard;
			sourceTree = "<group>";
		};
/* End PBXVariantGroup section */

/* Begin XCBuildConfiguration section */
		B1A36ADD287AA26B00DE64C8 /* Debug */ = {
			isa = XCBuildConfiguration;
			buildSettings = {
				ALWAYS_SEARCH_USER_PATHS = NO;
				CLANG_ANALYZER_NONNULL = YES;
				CLANG_ANALYZER_NUMBER_OBJECT_CONVERSION = YES_AGGRESSIVE;
				CLANG_CXX_LANGUAGE_STANDARD = "gnu++17";
				CLANG_CXX_LIBRARY = "libc++";
				CLANG_ENABLE_MODULES = YES;
				CLANG_ENABLE_OBJC_ARC = YES;
				CLANG_ENABLE_OBJC_WEAK = YES;
				CLANG_WARN_BLOCK_CAPTURE_AUTORELEASING = YES;
				CLANG_WARN_BOOL_CONVERSION = YES;
				CLANG_WARN_COMMA = YES;
				CLANG_WARN_CONSTANT_CONVERSION = YES;
				CLANG_WARN_DEPRECATED_OBJC_IMPLEMENTATIONS = YES;
				CLANG_WARN_DIRECT_OBJC_ISA_USAGE = YES_ERROR;
				CLANG_WARN_DOCUMENTATION_COMMENTS = YES;
				CLANG_WARN_EMPTY_BODY = YES;
				CLANG_WARN_ENUM_CONVERSION = YES;
				CLANG_WARN_INFINITE_RECURSION = YES;
				CLANG_WARN_INT_CONVERSION = YES;
				CLANG_WARN_NON_LITERAL_NULL_CONVERSION = YES;
				CLANG_WARN_OBJC_IMPLICIT_RETAIN_SELF = YES;
				CLANG_WARN_OBJC_LITERAL_CONVERSION = YES;
				CLANG_WARN_OBJC_ROOT_CLASS = YES_ERROR;
				CLANG_WARN_QUOTED_INCLUDE_IN_FRAMEWORK_HEADER = YES;
				CLANG_WARN_RANGE_LOOP_ANALYSIS = YES;
				CLANG_WARN_STRICT_PROTOTYPES = YES;
				CLANG_WARN_SUSPICIOUS_MOVE = YES;
				CLANG_WARN_UNGUARDED_AVAILABILITY = YES_AGGRESSIVE;
				CLANG_WARN_UNREACHABLE_CODE = YES;
				CLANG_WARN__DUPLICATE_METHOD_MATCH = YES;
				COPY_PHASE_STRIP = NO;
				DEBUG_INFORMATION_FORMAT = dwarf;
				ENABLE_STRICT_OBJC_MSGSEND = YES;
				ENABLE_TESTABILITY = YES;
				GCC_C_LANGUAGE_STANDARD = gnu11;
				GCC_DYNAMIC_NO_PIC = NO;
				GCC_NO_COMMON_BLOCKS = YES;
				GCC_OPTIMIZATION_LEVEL = 0;
				GCC_PREPROCESSOR_DEFINITIONS = (
					"DEBUG=1",
					"$(inherited)",
				);
				GCC_WARN_64_TO_32_BIT_CONVERSION = YES;
				GCC_WARN_ABOUT_RETURN_TYPE = YES_ERROR;
				GCC_WARN_UNDECLARED_SELECTOR = YES;
				GCC_WARN_UNINITIALIZED_AUTOS = YES_AGGRESSIVE;
				GCC_WARN_UNUSED_FUNCTION = YES;
				GCC_WARN_UNUSED_VARIABLE = YES;
				IPHONEOS_DEPLOYMENT_TARGET = 15.2;
				MTL_ENABLE_DEBUG_INFO = INCLUDE_SOURCE;
				MTL_FAST_MATH = YES;
				ONLY_ACTIVE_ARCH = YES;
				SDKROOT = iphoneos;
				SWIFT_ACTIVE_COMPILATION_CONDITIONS = DEBUG;
				SWIFT_OPTIMIZATION_LEVEL = "-Onone";
			};
			name = Debug;
		};
		B1A36ADE287AA26B00DE64C8 /* Release */ = {
			isa = XCBuildConfiguration;
			buildSettings = {
				ALWAYS_SEARCH_USER_PATHS = NO;
				CLANG_ANALYZER_NONNULL = YES;
				CLANG_ANALYZER_NUMBER_OBJECT_CONVERSION = YES_AGGRESSIVE;
				CLANG_CXX_LANGUAGE_STANDARD = "gnu++17";
				CLANG_CXX_LIBRARY = "libc++";
				CLANG_ENABLE_MODULES = YES;
				CLANG_ENABLE_OBJC_ARC = YES;
				CLANG_ENABLE_OBJC_WEAK = YES;
				CLANG_WARN_BLOCK_CAPTURE_AUTORELEASING = YES;
				CLANG_WARN_BOOL_CONVERSION = YES;
				CLANG_WARN_COMMA = YES;
				CLANG_WARN_CONSTANT_CONVERSION = YES;
				CLANG_WARN_DEPRECATED_OBJC_IMPLEMENTATIONS = YES;
				CLANG_WARN_DIRECT_OBJC_ISA_USAGE = YES_ERROR;
				CLANG_WARN_DOCUMENTATION_COMMENTS = YES;
				CLANG_WARN_EMPTY_BODY = YES;
				CLANG_WARN_ENUM_CONVERSION = YES;
				CLANG_WARN_INFINITE_RECURSION = YES;
				CLANG_WARN_INT_CONVERSION = YES;
				CLANG_WARN_NON_LITERAL_NULL_CONVERSION = YES;
				CLANG_WARN_OBJC_IMPLICIT_RETAIN_SELF = YES;
				CLANG_WARN_OBJC_LITERAL_CONVERSION = YES;
				CLANG_WARN_OBJC_ROOT_CLASS = YES_ERROR;
				CLANG_WARN_QUOTED_INCLUDE_IN_FRAMEWORK_HEADER = YES;
				CLANG_WARN_RANGE_LOOP_ANALYSIS = YES;
				CLANG_WARN_STRICT_PROTOTYPES = YES;
				CLANG_WARN_SUSPICIOUS_MOVE = YES;
				CLANG_WARN_UNGUARDED_AVAILABILITY = YES_AGGRESSIVE;
				CLANG_WARN_UNREACHABLE_CODE = YES;
				CLANG_WARN__DUPLICATE_METHOD_MATCH = YES;
				COPY_PHASE_STRIP = NO;
				DEBUG_INFORMATION_FORMAT = "dwarf-with-dsym";
				ENABLE_NS_ASSERTIONS = NO;
				ENABLE_STRICT_OBJC_MSGSEND = YES;
				GCC_C_LANGUAGE_STANDARD = gnu11;
				GCC_NO_COMMON_BLOCKS = YES;
				GCC_WARN_64_TO_32_BIT_CONVERSION = YES;
				GCC_WARN_ABOUT_RETURN_TYPE = YES_ERROR;
				GCC_WARN_UNDECLARED_SELECTOR = YES;
				GCC_WARN_UNINITIALIZED_AUTOS = YES_AGGRESSIVE;
				GCC_WARN_UNUSED_FUNCTION = YES;
				GCC_WARN_UNUSED_VARIABLE = YES;
				IPHONEOS_DEPLOYMENT_TARGET = 15.2;
				MTL_ENABLE_DEBUG_INFO = NO;
				MTL_FAST_MATH = YES;
				SDKROOT = iphoneos;
				SWIFT_COMPILATION_MODE = wholemodule;
				SWIFT_OPTIMIZATION_LEVEL = "-O";
				VALIDATE_PRODUCT = YES;
			};
			name = Release;
		};
		B1A36AE0287AA26B00DE64C8 /* Debug */ = {
			isa = XCBuildConfiguration;
			buildSettings = {
				ASSETCATALOG_COMPILER_APPICON_NAME = AppIcon;
				ASSETCATALOG_COMPILER_GLOBAL_ACCENT_COLOR_NAME = AccentColor;
				CODE_SIGN_STYLE = Automatic;
				CURRENT_PROJECT_VERSION = 1;
				GENERATE_INFOPLIST_FILE = YES;
				INFOPLIST_FILE = Foorun/Info.plist;
				INFOPLIST_KEY_UIApplicationSupportsIndirectInputEvents = YES;
				INFOPLIST_KEY_UILaunchStoryboardName = LaunchScreen;
				INFOPLIST_KEY_UISupportedInterfaceOrientations_iPad = "UIInterfaceOrientationPortrait UIInterfaceOrientationPortraitUpsideDown UIInterfaceOrientationLandscapeLeft UIInterfaceOrientationLandscapeRight";
				INFOPLIST_KEY_UISupportedInterfaceOrientations_iPhone = "UIInterfaceOrientationPortrait UIInterfaceOrientationLandscapeLeft UIInterfaceOrientationLandscapeRight";
				LD_RUNPATH_SEARCH_PATHS = (
					"$(inherited)",
					"@executable_path/Frameworks",
				);
				MARKETING_VERSION = 1.0;
				PRODUCT_BUNDLE_IDENTIFIER = com.app.Foorun;
				PRODUCT_NAME = "$(TARGET_NAME)";
				SWIFT_EMIT_LOC_STRINGS = YES;
				SWIFT_VERSION = 5.0;
				TARGETED_DEVICE_FAMILY = "1,2";
			};
			name = Debug;
		};
		B1A36AE1287AA26B00DE64C8 /* Release */ = {
			isa = XCBuildConfiguration;
			buildSettings = {
				ASSETCATALOG_COMPILER_APPICON_NAME = AppIcon;
				ASSETCATALOG_COMPILER_GLOBAL_ACCENT_COLOR_NAME = AccentColor;
				CODE_SIGN_STYLE = Automatic;
				CURRENT_PROJECT_VERSION = 1;
				GENERATE_INFOPLIST_FILE = YES;
				INFOPLIST_FILE = Foorun/Info.plist;
				INFOPLIST_KEY_UIApplicationSupportsIndirectInputEvents = YES;
				INFOPLIST_KEY_UILaunchStoryboardName = LaunchScreen;
				INFOPLIST_KEY_UISupportedInterfaceOrientations_iPad = "UIInterfaceOrientationPortrait UIInterfaceOrientationPortraitUpsideDown UIInterfaceOrientationLandscapeLeft UIInterfaceOrientationLandscapeRight";
				INFOPLIST_KEY_UISupportedInterfaceOrientations_iPhone = "UIInterfaceOrientationPortrait UIInterfaceOrientationLandscapeLeft UIInterfaceOrientationLandscapeRight";
				LD_RUNPATH_SEARCH_PATHS = (
					"$(inherited)",
					"@executable_path/Frameworks",
				);
				MARKETING_VERSION = 1.0;
				PRODUCT_BUNDLE_IDENTIFIER = com.app.Foorun;
				PRODUCT_NAME = "$(TARGET_NAME)";
				SWIFT_EMIT_LOC_STRINGS = YES;
				SWIFT_VERSION = 5.0;
				TARGETED_DEVICE_FAMILY = "1,2";
			};
			name = Release;
		};
		B1A36AE3287AA26B00DE64C8 /* Debug */ = {
			isa = XCBuildConfiguration;
			buildSettings = {
				ALWAYS_EMBED_SWIFT_STANDARD_LIBRARIES = YES;
				BUNDLE_LOADER = "$(TEST_HOST)";
				CODE_SIGN_STYLE = Automatic;
				CURRENT_PROJECT_VERSION = 1;
				GENERATE_INFOPLIST_FILE = YES;
				IPHONEOS_DEPLOYMENT_TARGET = 15.2;
				MARKETING_VERSION = 1.0;
				PRODUCT_BUNDLE_IDENTIFIER = com.app.FoorunTests;
				PRODUCT_NAME = "$(TARGET_NAME)";
				SWIFT_EMIT_LOC_STRINGS = NO;
				SWIFT_VERSION = 5.0;
				TARGETED_DEVICE_FAMILY = "1,2";
				TEST_HOST = "$(BUILT_PRODUCTS_DIR)/Foorun.app/Foorun";
			};
			name = Debug;
		};
		B1A36AE4287AA26B00DE64C8 /* Release */ = {
			isa = XCBuildConfiguration;
			buildSettings = {
				ALWAYS_EMBED_SWIFT_STANDARD_LIBRARIES = YES;
				BUNDLE_LOADER = "$(TEST_HOST)";
				CODE_SIGN_STYLE = Automatic;
				CURRENT_PROJECT_VERSION = 1;
				GENERATE_INFOPLIST_FILE = YES;
				IPHONEOS_DEPLOYMENT_TARGET = 15.2;
				MARKETING_VERSION = 1.0;
				PRODUCT_BUNDLE_IDENTIFIER = com.app.FoorunTests;
				PRODUCT_NAME = "$(TARGET_NAME)";
				SWIFT_EMIT_LOC_STRINGS = NO;
				SWIFT_VERSION = 5.0;
				TARGETED_DEVICE_FAMILY = "1,2";
				TEST_HOST = "$(BUILT_PRODUCTS_DIR)/Foorun.app/Foorun";
			};
			name = Release;
		};
		B1A36AE6287AA26B00DE64C8 /* Debug */ = {
			isa = XCBuildConfiguration;
			buildSettings = {
				ALWAYS_EMBED_SWIFT_STANDARD_LIBRARIES = YES;
				CODE_SIGN_STYLE = Automatic;
				CURRENT_PROJECT_VERSION = 1;
				GENERATE_INFOPLIST_FILE = YES;
				MARKETING_VERSION = 1.0;
				PRODUCT_BUNDLE_IDENTIFIER = com.app.FoorunUITests;
				PRODUCT_NAME = "$(TARGET_NAME)";
				SWIFT_EMIT_LOC_STRINGS = NO;
				SWIFT_VERSION = 5.0;
				TARGETED_DEVICE_FAMILY = "1,2";
				TEST_TARGET_NAME = Foorun;
			};
			name = Debug;
		};
		B1A36AE7287AA26B00DE64C8 /* Release */ = {
			isa = XCBuildConfiguration;
			buildSettings = {
				ALWAYS_EMBED_SWIFT_STANDARD_LIBRARIES = YES;
				CODE_SIGN_STYLE = Automatic;
				CURRENT_PROJECT_VERSION = 1;
				GENERATE_INFOPLIST_FILE = YES;
				MARKETING_VERSION = 1.0;
				PRODUCT_BUNDLE_IDENTIFIER = com.app.FoorunUITests;
				PRODUCT_NAME = "$(TARGET_NAME)";
				SWIFT_EMIT_LOC_STRINGS = NO;
				SWIFT_VERSION = 5.0;
				TARGETED_DEVICE_FAMILY = "1,2";
				TEST_TARGET_NAME = Foorun;
			};
			name = Release;
		};
/* End XCBuildConfiguration section */

/* Begin XCConfigurationList section */
		B1A36AB0287AA26A00DE64C8 /* Build configuration list for PBXProject "Foorun" */ = {
			isa = XCConfigurationList;
			buildConfigurations = (
				B1A36ADD287AA26B00DE64C8 /* Debug */,
				B1A36ADE287AA26B00DE64C8 /* Release */,
			);
			defaultConfigurationIsVisible = 0;
			defaultConfigurationName = Release;
		};
		B1A36ADF287AA26B00DE64C8 /* Build configuration list for PBXNativeTarget "Foorun" */ = {
			isa = XCConfigurationList;
			buildConfigurations = (
				B1A36AE0287AA26B00DE64C8 /* Debug */,
				B1A36AE1287AA26B00DE64C8 /* Release */,
			);
			defaultConfigurationIsVisible = 0;
			defaultConfigurationName = Release;
		};
		B1A36AE2287AA26B00DE64C8 /* Build configuration list for PBXNativeTarget "FoorunTests" */ = {
			isa = XCConfigurationList;
			buildConfigurations = (
				B1A36AE3287AA26B00DE64C8 /* Debug */,
				B1A36AE4287AA26B00DE64C8 /* Release */,
			);
			defaultConfigurationIsVisible = 0;
			defaultConfigurationName = Release;
		};
		B1A36AE5287AA26B00DE64C8 /* Build configuration list for PBXNativeTarget "FoorunUITests" */ = {
			isa = XCConfigurationList;
			buildConfigurations = (
				B1A36AE6287AA26B00DE64C8 /* Debug */,
				B1A36AE7287AA26B00DE64C8 /* Release */,
			);
			defaultConfigurationIsVisible = 0;
			defaultConfigurationName = Release;
		};
/* End XCConfigurationList section */

/* Begin XCRemoteSwiftPackageReference section */
		B1A36B76287AACE200DE64C8 /* XCRemoteSwiftPackageReference "Logger" */ = {
			isa = XCRemoteSwiftPackageReference;
			repositoryURL = "https://github.com/BoilerSwift/Logger";
			requirement = {
				kind = upToNextMajorVersion;
				minimumVersion = 1.0.1;
			};
		};
		B1A36B79287AB01400DE64C8 /* XCRemoteSwiftPackageReference "SnapKit" */ = {
			isa = XCRemoteSwiftPackageReference;
			repositoryURL = "https://github.com/SnapKit/SnapKit";
			requirement = {
				kind = upToNextMinorVersion;
				minimumVersion = 5.6.0;
			};
		};
		B1A36B7C287AB04D00DE64C8 /* XCRemoteSwiftPackageReference "Then" */ = {
			isa = XCRemoteSwiftPackageReference;
			repositoryURL = "https://github.com/devxoul/Then";
			requirement = {
				kind = upToNextMinorVersion;
				minimumVersion = 3.0.0;
			};
		};
/* End XCRemoteSwiftPackageReference section */

/* Begin XCSwiftPackageProductDependency section */
		B1A36B77287AACE200DE64C8 /* Logger */ = {
			isa = XCSwiftPackageProductDependency;
			package = B1A36B76287AACE200DE64C8 /* XCRemoteSwiftPackageReference "Logger" */;
			productName = Logger;
		};
		B1A36B7A287AB01400DE64C8 /* SnapKit */ = {
			isa = XCSwiftPackageProductDependency;
			package = B1A36B79287AB01400DE64C8 /* XCRemoteSwiftPackageReference "SnapKit" */;
			productName = SnapKit;
		};
		B1A36B7D287AB04D00DE64C8 /* Then */ = {
			isa = XCSwiftPackageProductDependency;
			package = B1A36B7C287AB04D00DE64C8 /* XCRemoteSwiftPackageReference "Then" */;
			productName = Then;
		};
/* End XCSwiftPackageProductDependency section */
	};
	rootObject = B1A36AAD287AA26A00DE64C8 /* Project object */;
}
