// !$*UTF8*$!
{
	archiveVersion = 1;
	classes = {
	};
	objectVersion = 55;
	objects = {

/* Begin PBXBuildFile section */
		7822EF3D28AB6418000D405B /* BookmarkViewController.UITableView.swift in Sources */ = {isa = PBXBuildFile; fileRef = 7822EF3C28AB6418000D405B /* BookmarkViewController.UITableView.swift */; };
		7822EF4028AB6789000D405B /* BookmarkView.swift in Sources */ = {isa = PBXBuildFile; fileRef = 7822EF3F28AB6789000D405B /* BookmarkView.swift */; };
		7822EF4828AF3C6E000D405B /* UserDefaultManager.swift in Sources */ = {isa = PBXBuildFile; fileRef = 7822EF4728AF3C6E000D405B /* UserDefaultManager.swift */; };
		7822EF4D28AF6368000D405B /* TabBarController.swift in Sources */ = {isa = PBXBuildFile; fileRef = 7822EF4C28AF6367000D405B /* TabBarController.swift */; };
		786E52AF289648A900B876E5 /* BookmarkViewController.swift in Sources */ = {isa = PBXBuildFile; fileRef = 786E52AE289648A900B876E5 /* BookmarkViewController.swift */; };
		786E52B32896492A00B876E5 /* BookmarkTableViewCell.swift in Sources */ = {isa = PBXBuildFile; fileRef = 786E52B22896492A00B876E5 /* BookmarkTableViewCell.swift */; };
		78C48CB628AFB72500C50FB5 /* Kingfisher in Frameworks */ = {isa = PBXBuildFile; productRef = 78C48CB528AFB72500C50FB5 /* Kingfisher */; };
		8EAD1FE328AFB1FE00288624 /* EventValid.swift in Sources */ = {isa = PBXBuildFile; fileRef = 8EAD1FE228AFB1FE00288624 /* EventValid.swift */; };
		8ED9D79328AF2668006A7F94 /* UIViewController+.swift in Sources */ = {isa = PBXBuildFile; fileRef = 8ED9D79128AF2668006A7F94 /* UIViewController+.swift */; };
		8ED9D79428AF2668006A7F94 /* UIAlertController+.swift in Sources */ = {isa = PBXBuildFile; fileRef = 8ED9D79228AF2668006A7F94 /* UIAlertController+.swift */; };
		8ED9D7A228AF2672006A7F94 /* EventViewController.swift in Sources */ = {isa = PBXBuildFile; fileRef = 8ED9D79628AF2672006A7F94 /* EventViewController.swift */; };
		8ED9D7A328AF2672006A7F94 /* EventViewController.UICollectionView.swift in Sources */ = {isa = PBXBuildFile; fileRef = 8ED9D79728AF2672006A7F94 /* EventViewController.UICollectionView.swift */; };
		8ED9D7A428AF2672006A7F94 /* EventView.swift in Sources */ = {isa = PBXBuildFile; fileRef = 8ED9D79928AF2672006A7F94 /* EventView.swift */; };
		8ED9D7A528AF2672006A7F94 /* EventCollectionViewCell.swift in Sources */ = {isa = PBXBuildFile; fileRef = 8ED9D79A28AF2672006A7F94 /* EventCollectionViewCell.swift */; };
		8ED9D7A628AF2672006A7F94 /* Event.swift in Sources */ = {isa = PBXBuildFile; fileRef = 8ED9D79C28AF2672006A7F94 /* Event.swift */; };
		8ED9D7A728AF2672006A7F94 /* CouponType.swift in Sources */ = {isa = PBXBuildFile; fileRef = 8ED9D79D28AF2672006A7F94 /* CouponType.swift */; };
		8ED9D7A828AF2672006A7F94 /* EventDetailViewController.swift in Sources */ = {isa = PBXBuildFile; fileRef = 8ED9D79F28AF2672006A7F94 /* EventDetailViewController.swift */; };
		8ED9D7A928AF2672006A7F94 /* EventDetailView.swift in Sources */ = {isa = PBXBuildFile; fileRef = 8ED9D7A128AF2672006A7F94 /* EventDetailView.swift */; };
		B198E79B28BA0F6A00EB0F24 /* Logger in Frameworks */ = {isa = PBXBuildFile; productRef = B198E79A28BA0F6A00EB0F24 /* Logger */; };
		B1A36AB9287AA26A00DE64C8 /* AppDelegate.swift in Sources */ = {isa = PBXBuildFile; fileRef = B1A36AB8287AA26A00DE64C8 /* AppDelegate.swift */; };
		B1A36ABB287AA26A00DE64C8 /* SceneDelegate.swift in Sources */ = {isa = PBXBuildFile; fileRef = B1A36ABA287AA26A00DE64C8 /* SceneDelegate.swift */; };
		B1A36AC2287AA26B00DE64C8 /* Assets.xcassets in Resources */ = {isa = PBXBuildFile; fileRef = B1A36AC1287AA26B00DE64C8 /* Assets.xcassets */; };
		B1A36AC5287AA26B00DE64C8 /* LaunchScreen.storyboard in Resources */ = {isa = PBXBuildFile; fileRef = B1A36AC3287AA26B00DE64C8 /* LaunchScreen.storyboard */; };
		B1A36AD0287AA26B00DE64C8 /* FoorunTests.swift in Sources */ = {isa = PBXBuildFile; fileRef = B1A36ACF287AA26B00DE64C8 /* FoorunTests.swift */; };
		B1A36ADA287AA26B00DE64C8 /* FoorunUITests.swift in Sources */ = {isa = PBXBuildFile; fileRef = B1A36AD9287AA26B00DE64C8 /* FoorunUITests.swift */; };
		B1A36ADC287AA26B00DE64C8 /* FoorunUITestsLaunchTests.swift in Sources */ = {isa = PBXBuildFile; fileRef = B1A36ADB287AA26B00DE64C8 /* FoorunUITestsLaunchTests.swift */; };
		B1A36B73287AAA0D00DE64C8 /* FoorunKey.framework in Frameworks */ = {isa = PBXBuildFile; fileRef = B1A36B72287AAA0D00DE64C8 /* FoorunKey.framework */; };
		B1A36B74287AAA0D00DE64C8 /* FoorunKey.framework in Embed Frameworks */ = {isa = PBXBuildFile; fileRef = B1A36B72287AAA0D00DE64C8 /* FoorunKey.framework */; settings = {ATTRIBUTES = (CodeSignOnCopy, RemoveHeadersOnCopy, ); }; };
		B1A36B7B287AB01400DE64C8 /* SnapKit in Frameworks */ = {isa = PBXBuildFile; productRef = B1A36B7A287AB01400DE64C8 /* SnapKit */; };
		B1A36B7E287AB04D00DE64C8 /* Then in Frameworks */ = {isa = PBXBuildFile; productRef = B1A36B7D287AB04D00DE64C8 /* Then */; };
		B1A36B94287ADB6300DE64C8 /* ReferenceKit in Frameworks */ = {isa = PBXBuildFile; productRef = B1A36B93287ADB6300DE64C8 /* ReferenceKit */; };
		B1A4107D2896650000B9306A /* SettingViewModel.swift in Sources */ = {isa = PBXBuildFile; fileRef = B1A410772896650000B9306A /* SettingViewModel.swift */; };
		B1A4107E2896650000B9306A /* SNSView.swift in Sources */ = {isa = PBXBuildFile; fileRef = B1A410792896650000B9306A /* SNSView.swift */; };
		B1A4107F2896650000B9306A /* InformationView.swift in Sources */ = {isa = PBXBuildFile; fileRef = B1A4107A2896650000B9306A /* InformationView.swift */; };
		B1A410802896650000B9306A /* MyPageView.swift in Sources */ = {isa = PBXBuildFile; fileRef = B1A4107B2896650000B9306A /* MyPageView.swift */; };
		B1A410812896650000B9306A /* SettingView.swift in Sources */ = {isa = PBXBuildFile; fileRef = B1A4107C2896650000B9306A /* SettingView.swift */; };
		B1A41085289669D600B9306A /* CertificationView.swift in Sources */ = {isa = PBXBuildFile; fileRef = B1A41084289669D600B9306A /* CertificationView.swift */; };
		B1DEE8AC28BB482700F34E12 /* AssetSet.swift in Sources */ = {isa = PBXBuildFile; fileRef = B1DEE8AB28BB482700F34E12 /* AssetSet.swift */; };
		B1DEE8B328BB52E100F34E12 /* Alamofire in Frameworks */ = {isa = PBXBuildFile; productRef = B1DEE8B228BB52E100F34E12 /* Alamofire */; };
		F0724D8428B47C9B0005C688 /* DetailViewController.swift in Sources */ = {isa = PBXBuildFile; fileRef = F0724D8328B47C9B0005C688 /* DetailViewController.swift */; };
		F0724D8628B47CC30005C688 /* RestaurantDetailTableViewCell.swift in Sources */ = {isa = PBXBuildFile; fileRef = F0724D8528B47CC30005C688 /* RestaurantDetailTableViewCell.swift */; };
		F0724D8828B47CD70005C688 /* RestaurantHashTagCollectionViewCell.swift in Sources */ = {isa = PBXBuildFile; fileRef = F0724D8728B47CD70005C688 /* RestaurantHashTagCollectionViewCell.swift */; };
		F0724D8A28B47CE30005C688 /* RestaurantMenuCollectionViewCell.swift in Sources */ = {isa = PBXBuildFile; fileRef = F0724D8928B47CE30005C688 /* RestaurantMenuCollectionViewCell.swift */; };
		F0724D8C28B47CF50005C688 /* DetailView.swift in Sources */ = {isa = PBXBuildFile; fileRef = F0724D8B28B47CF40005C688 /* DetailView.swift */; };
		F0724D8F28B47D170005C688 /* DetailViewModel.swift in Sources */ = {isa = PBXBuildFile; fileRef = F0724D8E28B47D170005C688 /* DetailViewModel.swift */; };
		F0724D9828B7D0BC0005C688 /* DetailView+TableViewExtension.swift in Sources */ = {isa = PBXBuildFile; fileRef = F0724D9728B7D0BB0005C688 /* DetailView+TableViewExtension.swift */; };
		F0724D9A28B7DA360005C688 /* DetailView+CollectionViewExtension.swift in Sources */ = {isa = PBXBuildFile; fileRef = F0724D9928B7DA360005C688 /* DetailView+CollectionViewExtension.swift */; };
		F0BFAADB2896723600FB499E /* APIClient.swift in Sources */ = {isa = PBXBuildFile; fileRef = F0BFAADA2896723600FB499E /* APIClient.swift */; };
		F0BFAADE2896725700FB499E /* Restaurant.swift in Sources */ = {isa = PBXBuildFile; fileRef = F0BFAADD2896725700FB499E /* Restaurant.swift */; };
		FD7E2535287AB36C008E9E24 /* MapViewController.swift in Sources */ = {isa = PBXBuildFile; fileRef = FD7E2534287AB36C008E9E24 /* MapViewController.swift */; };
		FD7E2537287AB650008E9E24 /* MapView.swift in Sources */ = {isa = PBXBuildFile; fileRef = FD7E2536287AB650008E9E24 /* MapView.swift */; };
		FD7E2549287BB842008E9E24 /* AnnotationView.swift in Sources */ = {isa = PBXBuildFile; fileRef = FD7E2548287BB842008E9E24 /* AnnotationView.swift */; };
		FD7E254C287BBA14008E9E24 /* NSObject+.swift in Sources */ = {isa = PBXBuildFile; fileRef = FD7E254B287BBA14008E9E24 /* NSObject+.swift */; };
		FDFF861028B120620012EF71 /* Annotation.swift in Sources */ = {isa = PBXBuildFile; fileRef = FDFF860F28B120620012EF71 /* Annotation.swift */; };
		FDFF861228B120700012EF71 /* MapRestaurant.swift in Sources */ = {isa = PBXBuildFile; fileRef = FDFF861128B120700012EF71 /* MapRestaurant.swift */; };
		FDFF861428B120910012EF71 /* MapViewModel.swift in Sources */ = {isa = PBXBuildFile; fileRef = FDFF861328B120910012EF71 /* MapViewModel.swift */; };
		FDFF861728B120E50012EF71 /* RxCocoa in Frameworks */ = {isa = PBXBuildFile; productRef = FDFF861628B120E50012EF71 /* RxCocoa */; };
		FDFF861928B120E50012EF71 /* RxSwift in Frameworks */ = {isa = PBXBuildFile; productRef = FDFF861828B120E50012EF71 /* RxSwift */; };
/* End PBXBuildFile section */

/* Begin PBXContainerItemProxy section */
		8EAD1FE928AFB2FC00288624 /* PBXContainerItemProxy */ = {
			isa = PBXContainerItemProxy;
			containerPortal = 8EAD1FE428AFB2FC00288624 /* FoorunKey.xcodeproj */;
			proxyType = 2;
			remoteGlobalIDString = B1A36B44287AA89F00DE64C8;
			remoteInfo = FoorunKey;
		};
		8EAD1FEB28AFB2FC00288624 /* PBXContainerItemProxy */ = {
			isa = PBXContainerItemProxy;
			containerPortal = 8EAD1FE428AFB2FC00288624 /* FoorunKey.xcodeproj */;
			proxyType = 2;
			remoteGlobalIDString = B1A36B4C287AA89F00DE64C8;
			remoteInfo = FoorunKeyTests;
		};
		B1A36ACC287AA26B00DE64C8 /* PBXContainerItemProxy */ = {
			isa = PBXContainerItemProxy;
			containerPortal = B1A36AAD287AA26A00DE64C8 /* Project object */;
			proxyType = 1;
			remoteGlobalIDString = B1A36AB4287AA26A00DE64C8;
			remoteInfo = Foorun;
		};
		B1A36AD6287AA26B00DE64C8 /* PBXContainerItemProxy */ = {
			isa = PBXContainerItemProxy;
			containerPortal = B1A36AAD287AA26A00DE64C8 /* Project object */;
			proxyType = 1;
			remoteGlobalIDString = B1A36AB4287AA26A00DE64C8;
			remoteInfo = Foorun;
		};
/* End PBXContainerItemProxy section */

/* Begin PBXCopyFilesBuildPhase section */
		B1A36B75287AAA0E00DE64C8 /* Embed Frameworks */ = {
			isa = PBXCopyFilesBuildPhase;
			buildActionMask = 2147483647;
			dstPath = "";
			dstSubfolderSpec = 10;
			files = (
				B1A36B74287AAA0D00DE64C8 /* FoorunKey.framework in Embed Frameworks */,
			);
			name = "Embed Frameworks";
			runOnlyForDeploymentPostprocessing = 0;
		};
/* End PBXCopyFilesBuildPhase section */

/* Begin PBXFileReference section */
		7822EF3C28AB6418000D405B /* BookmarkViewController.UITableView.swift */ = {isa = PBXFileReference; lastKnownFileType = sourcecode.swift; path = BookmarkViewController.UITableView.swift; sourceTree = "<group>"; };
		7822EF3F28AB6789000D405B /* BookmarkView.swift */ = {isa = PBXFileReference; lastKnownFileType = sourcecode.swift; path = BookmarkView.swift; sourceTree = "<group>"; };
		7822EF4728AF3C6E000D405B /* UserDefaultManager.swift */ = {isa = PBXFileReference; lastKnownFileType = sourcecode.swift; path = UserDefaultManager.swift; sourceTree = "<group>"; };
		7822EF4C28AF6367000D405B /* TabBarController.swift */ = {isa = PBXFileReference; lastKnownFileType = sourcecode.swift; path = TabBarController.swift; sourceTree = "<group>"; };
		786E52AE289648A900B876E5 /* BookmarkViewController.swift */ = {isa = PBXFileReference; lastKnownFileType = sourcecode.swift; path = BookmarkViewController.swift; sourceTree = "<group>"; };
		786E52B22896492A00B876E5 /* BookmarkTableViewCell.swift */ = {isa = PBXFileReference; lastKnownFileType = sourcecode.swift; path = BookmarkTableViewCell.swift; sourceTree = "<group>"; };
		8EAD1FE228AFB1FE00288624 /* EventValid.swift */ = {isa = PBXFileReference; lastKnownFileType = sourcecode.swift; name = EventValid.swift; path = ../Event/Detail/EventValid.swift; sourceTree = "<group>"; };
		8EAD1FE428AFB2FC00288624 /* FoorunKey.xcodeproj */ = {isa = PBXFileReference; lastKnownFileType = "wrapper.pb-project"; name = FoorunKey.xcodeproj; path = "../../Foorun-key/FoorunKey/FoorunKey.xcodeproj"; sourceTree = "<group>"; };
		8ED9D79128AF2668006A7F94 /* UIViewController+.swift */ = {isa = PBXFileReference; fileEncoding = 4; lastKnownFileType = sourcecode.swift; path = "UIViewController+.swift"; sourceTree = "<group>"; };
		8ED9D79228AF2668006A7F94 /* UIAlertController+.swift */ = {isa = PBXFileReference; fileEncoding = 4; lastKnownFileType = sourcecode.swift; path = "UIAlertController+.swift"; sourceTree = "<group>"; };
		8ED9D79628AF2672006A7F94 /* EventViewController.swift */ = {isa = PBXFileReference; fileEncoding = 4; lastKnownFileType = sourcecode.swift; path = EventViewController.swift; sourceTree = "<group>"; };
		8ED9D79728AF2672006A7F94 /* EventViewController.UICollectionView.swift */ = {isa = PBXFileReference; fileEncoding = 4; lastKnownFileType = sourcecode.swift; path = EventViewController.UICollectionView.swift; sourceTree = "<group>"; };
		8ED9D79928AF2672006A7F94 /* EventView.swift */ = {isa = PBXFileReference; fileEncoding = 4; lastKnownFileType = sourcecode.swift; path = EventView.swift; sourceTree = "<group>"; };
		8ED9D79A28AF2672006A7F94 /* EventCollectionViewCell.swift */ = {isa = PBXFileReference; fileEncoding = 4; lastKnownFileType = sourcecode.swift; path = EventCollectionViewCell.swift; sourceTree = "<group>"; };
		8ED9D79C28AF2672006A7F94 /* Event.swift */ = {isa = PBXFileReference; fileEncoding = 4; lastKnownFileType = sourcecode.swift; path = Event.swift; sourceTree = "<group>"; };
		8ED9D79D28AF2672006A7F94 /* CouponType.swift */ = {isa = PBXFileReference; fileEncoding = 4; lastKnownFileType = sourcecode.swift; path = CouponType.swift; sourceTree = "<group>"; };
		8ED9D79F28AF2672006A7F94 /* EventDetailViewController.swift */ = {isa = PBXFileReference; fileEncoding = 4; lastKnownFileType = sourcecode.swift; path = EventDetailViewController.swift; sourceTree = "<group>"; };
		8ED9D7A128AF2672006A7F94 /* EventDetailView.swift */ = {isa = PBXFileReference; fileEncoding = 4; lastKnownFileType = sourcecode.swift; path = EventDetailView.swift; sourceTree = "<group>"; };
		B1A36AB5287AA26A00DE64C8 /* Foorun.app */ = {isa = PBXFileReference; explicitFileType = wrapper.application; includeInIndex = 0; path = Foorun.app; sourceTree = BUILT_PRODUCTS_DIR; };
		B1A36AB8287AA26A00DE64C8 /* AppDelegate.swift */ = {isa = PBXFileReference; lastKnownFileType = sourcecode.swift; path = AppDelegate.swift; sourceTree = "<group>"; };
		B1A36ABA287AA26A00DE64C8 /* SceneDelegate.swift */ = {isa = PBXFileReference; lastKnownFileType = sourcecode.swift; path = SceneDelegate.swift; sourceTree = "<group>"; };
		B1A36AC1287AA26B00DE64C8 /* Assets.xcassets */ = {isa = PBXFileReference; lastKnownFileType = folder.assetcatalog; path = Assets.xcassets; sourceTree = "<group>"; };
		B1A36AC4287AA26B00DE64C8 /* Base */ = {isa = PBXFileReference; lastKnownFileType = file.storyboard; name = Base; path = Base.lproj/LaunchScreen.storyboard; sourceTree = "<group>"; };
		B1A36AC6287AA26B00DE64C8 /* Info.plist */ = {isa = PBXFileReference; lastKnownFileType = text.plist.xml; path = Info.plist; sourceTree = "<group>"; };
		B1A36ACB287AA26B00DE64C8 /* FoorunTests.xctest */ = {isa = PBXFileReference; explicitFileType = wrapper.cfbundle; includeInIndex = 0; path = FoorunTests.xctest; sourceTree = BUILT_PRODUCTS_DIR; };
		B1A36ACF287AA26B00DE64C8 /* FoorunTests.swift */ = {isa = PBXFileReference; lastKnownFileType = sourcecode.swift; path = FoorunTests.swift; sourceTree = "<group>"; };
		B1A36AD5287AA26B00DE64C8 /* FoorunUITests.xctest */ = {isa = PBXFileReference; explicitFileType = wrapper.cfbundle; includeInIndex = 0; path = FoorunUITests.xctest; sourceTree = BUILT_PRODUCTS_DIR; };
		B1A36AD9287AA26B00DE64C8 /* FoorunUITests.swift */ = {isa = PBXFileReference; lastKnownFileType = sourcecode.swift; path = FoorunUITests.swift; sourceTree = "<group>"; };
		B1A36ADB287AA26B00DE64C8 /* FoorunUITestsLaunchTests.swift */ = {isa = PBXFileReference; lastKnownFileType = sourcecode.swift; path = FoorunUITestsLaunchTests.swift; sourceTree = "<group>"; };
		B1A36B72287AAA0D00DE64C8 /* FoorunKey.framework */ = {isa = PBXFileReference; explicitFileType = wrapper.framework; path = FoorunKey.framework; sourceTree = BUILT_PRODUCTS_DIR; };
		B1A410772896650000B9306A /* SettingViewModel.swift */ = {isa = PBXFileReference; fileEncoding = 4; lastKnownFileType = sourcecode.swift; path = SettingViewModel.swift; sourceTree = "<group>"; };
		B1A410792896650000B9306A /* SNSView.swift */ = {isa = PBXFileReference; fileEncoding = 4; lastKnownFileType = sourcecode.swift; path = SNSView.swift; sourceTree = "<group>"; };
		B1A4107A2896650000B9306A /* InformationView.swift */ = {isa = PBXFileReference; fileEncoding = 4; lastKnownFileType = sourcecode.swift; path = InformationView.swift; sourceTree = "<group>"; };
		B1A4107B2896650000B9306A /* MyPageView.swift */ = {isa = PBXFileReference; fileEncoding = 4; lastKnownFileType = sourcecode.swift; path = MyPageView.swift; sourceTree = "<group>"; };
		B1A4107C2896650000B9306A /* SettingView.swift */ = {isa = PBXFileReference; fileEncoding = 4; lastKnownFileType = sourcecode.swift; path = SettingView.swift; sourceTree = "<group>"; };
		B1A41084289669D600B9306A /* CertificationView.swift */ = {isa = PBXFileReference; lastKnownFileType = sourcecode.swift; path = CertificationView.swift; sourceTree = "<group>"; };
		B1DEE8AB28BB482700F34E12 /* AssetSet.swift */ = {isa = PBXFileReference; lastKnownFileType = sourcecode.swift; path = AssetSet.swift; sourceTree = "<group>"; };
		B1DEE90328BB549200F34E12 /* Foorun copy-Info.plist */ = {isa = PBXFileReference; lastKnownFileType = text.plist.xml; name = "Foorun copy-Info.plist"; path = "/Users/hamlitjason/Desktop/Eatda/foorun-app-ios/Foorun/Foorun copy-Info.plist"; sourceTree = "<absolute>"; };
		F0724D8328B47C9B0005C688 /* DetailViewController.swift */ = {isa = PBXFileReference; lastKnownFileType = sourcecode.swift; path = DetailViewController.swift; sourceTree = "<group>"; };
		F0724D8528B47CC30005C688 /* RestaurantDetailTableViewCell.swift */ = {isa = PBXFileReference; lastKnownFileType = sourcecode.swift; path = RestaurantDetailTableViewCell.swift; sourceTree = "<group>"; };
		F0724D8728B47CD70005C688 /* RestaurantHashTagCollectionViewCell.swift */ = {isa = PBXFileReference; lastKnownFileType = sourcecode.swift; path = RestaurantHashTagCollectionViewCell.swift; sourceTree = "<group>"; };
		F0724D8928B47CE30005C688 /* RestaurantMenuCollectionViewCell.swift */ = {isa = PBXFileReference; lastKnownFileType = sourcecode.swift; path = RestaurantMenuCollectionViewCell.swift; sourceTree = "<group>"; };
		F0724D8B28B47CF40005C688 /* DetailView.swift */ = {isa = PBXFileReference; lastKnownFileType = sourcecode.swift; path = DetailView.swift; sourceTree = "<group>"; };
		F0724D8E28B47D170005C688 /* DetailViewModel.swift */ = {isa = PBXFileReference; lastKnownFileType = sourcecode.swift; path = DetailViewModel.swift; sourceTree = "<group>"; };
		F0724D9728B7D0BB0005C688 /* DetailView+TableViewExtension.swift */ = {isa = PBXFileReference; lastKnownFileType = sourcecode.swift; path = "DetailView+TableViewExtension.swift"; sourceTree = "<group>"; };
		F0724D9928B7DA360005C688 /* DetailView+CollectionViewExtension.swift */ = {isa = PBXFileReference; lastKnownFileType = sourcecode.swift; path = "DetailView+CollectionViewExtension.swift"; sourceTree = "<group>"; };
		F0BFAADA2896723600FB499E /* APIClient.swift */ = {isa = PBXFileReference; lastKnownFileType = sourcecode.swift; path = APIClient.swift; sourceTree = "<group>"; };
		F0BFAADD2896725700FB499E /* Restaurant.swift */ = {isa = PBXFileReference; lastKnownFileType = sourcecode.swift; path = Restaurant.swift; sourceTree = "<group>"; };
		FD7E2534287AB36C008E9E24 /* MapViewController.swift */ = {isa = PBXFileReference; lastKnownFileType = sourcecode.swift; path = MapViewController.swift; sourceTree = "<group>"; };
		FD7E2536287AB650008E9E24 /* MapView.swift */ = {isa = PBXFileReference; lastKnownFileType = sourcecode.swift; path = MapView.swift; sourceTree = "<group>"; };
		FD7E2548287BB842008E9E24 /* AnnotationView.swift */ = {isa = PBXFileReference; lastKnownFileType = sourcecode.swift; path = AnnotationView.swift; sourceTree = "<group>"; };
		FD7E254B287BBA14008E9E24 /* NSObject+.swift */ = {isa = PBXFileReference; lastKnownFileType = sourcecode.swift; path = "NSObject+.swift"; sourceTree = "<group>"; };
		FDFF860F28B120620012EF71 /* Annotation.swift */ = {isa = PBXFileReference; lastKnownFileType = sourcecode.swift; path = Annotation.swift; sourceTree = "<group>"; };
		FDFF861128B120700012EF71 /* MapRestaurant.swift */ = {isa = PBXFileReference; lastKnownFileType = sourcecode.swift; path = MapRestaurant.swift; sourceTree = "<group>"; };
		FDFF861328B120910012EF71 /* MapViewModel.swift */ = {isa = PBXFileReference; lastKnownFileType = sourcecode.swift; path = MapViewModel.swift; sourceTree = "<group>"; };
/* End PBXFileReference section */

/* Begin PBXFrameworksBuildPhase section */
		B1A36AB2287AA26A00DE64C8 /* Frameworks */ = {
			isa = PBXFrameworksBuildPhase;
			buildActionMask = 2147483647;
			files = (
				B1DEE8B328BB52E100F34E12 /* Alamofire in Frameworks */,
				FDFF861928B120E50012EF71 /* RxSwift in Frameworks */,
				B1A36B7B287AB01400DE64C8 /* SnapKit in Frameworks */,
				B1A36B94287ADB6300DE64C8 /* ReferenceKit in Frameworks */,
				B198E79B28BA0F6A00EB0F24 /* Logger in Frameworks */,
				78C48CB628AFB72500C50FB5 /* Kingfisher in Frameworks */,
				B1A36B73287AAA0D00DE64C8 /* FoorunKey.framework in Frameworks */,
				FDFF861728B120E50012EF71 /* RxCocoa in Frameworks */,
				B1A36B7E287AB04D00DE64C8 /* Then in Frameworks */,
			);
			runOnlyForDeploymentPostprocessing = 0;
		};
		B1A36AC8287AA26B00DE64C8 /* Frameworks */ = {
			isa = PBXFrameworksBuildPhase;
			buildActionMask = 2147483647;
			files = (
			);
			runOnlyForDeploymentPostprocessing = 0;
		};
		B1A36AD2287AA26B00DE64C8 /* Frameworks */ = {
			isa = PBXFrameworksBuildPhase;
			buildActionMask = 2147483647;
			files = (
			);
			runOnlyForDeploymentPostprocessing = 0;
		};
/* End PBXFrameworksBuildPhase section */

/* Begin PBXGroup section */
		7822EF3E28AB6775000D405B /* Views */ = {
			isa = PBXGroup;
			children = (
				7822EF3F28AB6789000D405B /* BookmarkView.swift */,
				786E52B22896492A00B876E5 /* BookmarkTableViewCell.swift */,
			);
			path = Views;
			sourceTree = "<group>";
		};
		7822EF4628AF3C58000D405B /* Commons */ = {
			isa = PBXGroup;
			children = (
				7822EF4728AF3C6E000D405B /* UserDefaultManager.swift */,
			);
			path = Commons;
			sourceTree = "<group>";
		};
		7822EF4928AF46DF000D405B /* Detail */ = {
			isa = PBXGroup;
			children = (
				8ED9D79F28AF2672006A7F94 /* EventDetailViewController.swift */,
				8ED9D7A128AF2672006A7F94 /* EventDetailView.swift */,
			);
			path = Detail;
			sourceTree = "<group>";
		};
		786E52AD2896488A00B876E5 /* Bookmark */ = {
			isa = PBXGroup;
			children = (
				786E52AE289648A900B876E5 /* BookmarkViewController.swift */,
				7822EF3C28AB6418000D405B /* BookmarkViewController.UITableView.swift */,
				7822EF3E28AB6775000D405B /* Views */,
			);
			path = Bookmark;
			sourceTree = "<group>";
		};
		8EAD1FE528AFB2FC00288624 /* Products */ = {
			isa = PBXGroup;
			children = (
				8EAD1FEA28AFB2FC00288624 /* FoorunKey.framework */,
				8EAD1FEC28AFB2FC00288624 /* FoorunKeyTests.xctest */,
			);
			name = Products;
			sourceTree = "<group>";
		};
		8ED9D79028AF2668006A7F94 /* Extensions */ = {
			isa = PBXGroup;
			children = (
				8ED9D79128AF2668006A7F94 /* UIViewController+.swift */,
				8ED9D79228AF2668006A7F94 /* UIAlertController+.swift */,
				FD7E254B287BBA14008E9E24 /* NSObject+.swift */,
			);
			path = Extensions;
			sourceTree = "<group>";
		};
		8ED9D79828AF2672006A7F94 /* Views */ = {
			isa = PBXGroup;
			children = (
				8ED9D79928AF2672006A7F94 /* EventView.swift */,
				8ED9D79A28AF2672006A7F94 /* EventCollectionViewCell.swift */,
			);
			name = Views;
			path = Foorun/EventViewController/Views;
			sourceTree = SOURCE_ROOT;
		};
		8ED9D79B28AF2672006A7F94 /* Model */ = {
			isa = PBXGroup;
			children = (
				8ED9D79C28AF2672006A7F94 /* Event.swift */,
				8EAD1FE228AFB1FE00288624 /* EventValid.swift */,
				8ED9D79D28AF2672006A7F94 /* CouponType.swift */,
				FDFF860F28B120620012EF71 /* Annotation.swift */,
				FDFF861128B120700012EF71 /* MapRestaurant.swift */,
				F0BFAADD2896725700FB499E /* Restaurant.swift */,
			);
			name = Model;
			path = ../Model;
			sourceTree = "<group>";
		};
		8ED9D79E28AF2672006A7F94 /* Event */ = {
			isa = PBXGroup;
			children = (
				8ED9D79628AF2672006A7F94 /* EventViewController.swift */,
				8ED9D79728AF2672006A7F94 /* EventViewController.UICollectionView.swift */,
				8ED9D79828AF2672006A7F94 /* Views */,
				7822EF4928AF46DF000D405B /* Detail */,
			);
			path = Event;
			sourceTree = "<group>";
		};
		B1A36AAC287AA26A00DE64C8 = {
			isa = PBXGroup;
			children = (
				B1A36AB7287AA26A00DE64C8 /* Foorun */,
				B1A36ACE287AA26B00DE64C8 /* FoorunTests */,
				B1A36AD8287AA26B00DE64C8 /* FoorunUITests */,
				B1A36AB6287AA26A00DE64C8 /* Products */,
				B1A36B71287AAA0D00DE64C8 /* Frameworks */,
				B1DEE90328BB549200F34E12 /* Foorun copy-Info.plist */,
			);
			sourceTree = "<group>";
		};
		B1A36AB6287AA26A00DE64C8 /* Products */ = {
			isa = PBXGroup;
			children = (
				B1A36AB5287AA26A00DE64C8 /* Foorun.app */,
				B1A36ACB287AA26B00DE64C8 /* FoorunTests.xctest */,
				B1A36AD5287AA26B00DE64C8 /* FoorunUITests.xctest */,
			);
			name = Products;
			sourceTree = "<group>";
		};
		B1A36AB7287AA26A00DE64C8 /* Foorun */ = {
			isa = PBXGroup;
			children = (
				F0BFAAD92896722900FB499E /* SDK */,
				B1A36AB8287AA26A00DE64C8 /* AppDelegate.swift */,
				B1A36ABA287AA26A00DE64C8 /* SceneDelegate.swift */,
				7822EF4C28AF6367000D405B /* TabBarController.swift */,
				F0724D8128B47C550005C688 /* Detail */,
				FD7E2533287AB363008E9E24 /* Map */,
				786E52AD2896488A00B876E5 /* Bookmark */,
				8ED9D79E28AF2672006A7F94 /* Event */,
				B1A410762896650000B9306A /* Setting */,
				B1DEE8B028BB528500F34E12 /* Commons */,
				8ED9D79028AF2668006A7F94 /* Extensions */,
				B1A36AC1287AA26B00DE64C8 /* Assets.xcassets */,
				B1A36AC3287AA26B00DE64C8 /* LaunchScreen.storyboard */,
				B1A36AC6287AA26B00DE64C8 /* Info.plist */,
			);
			path = Foorun;
			sourceTree = "<group>";
		};
		B1A36ACE287AA26B00DE64C8 /* FoorunTests */ = {
			isa = PBXGroup;
			children = (
				B1A36ACF287AA26B00DE64C8 /* FoorunTests.swift */,
			);
			path = FoorunTests;
			sourceTree = "<group>";
		};
		B1A36AD8287AA26B00DE64C8 /* FoorunUITests */ = {
			isa = PBXGroup;
			children = (
				B1A36AD9287AA26B00DE64C8 /* FoorunUITests.swift */,
				B1A36ADB287AA26B00DE64C8 /* FoorunUITestsLaunchTests.swift */,
			);
			path = FoorunUITests;
			sourceTree = "<group>";
		};
		B1A36B71287AAA0D00DE64C8 /* Frameworks */ = {
			isa = PBXGroup;
			children = (
				8EAD1FE428AFB2FC00288624 /* FoorunKey.xcodeproj */,
				B1A36B72287AAA0D00DE64C8 /* FoorunKey.framework */,
			);
			name = Frameworks;
			sourceTree = "<group>";
		};
		B1A410762896650000B9306A /* Setting */ = {
			isa = PBXGroup;
			children = (
				B1A410772896650000B9306A /* SettingViewModel.swift */,
				B1A4107C2896650000B9306A /* SettingView.swift */,
				B1A410782896650000B9306A /* Views */,
			);
			path = Setting;
			sourceTree = "<group>";
		};
		B1A410782896650000B9306A /* Views */ = {
			isa = PBXGroup;
			children = (
				B1A410792896650000B9306A /* SNSView.swift */,
				B1A4107A2896650000B9306A /* InformationView.swift */,
				B1A4107B2896650000B9306A /* MyPageView.swift */,
				B1A41084289669D600B9306A /* CertificationView.swift */,
			);
			path = Views;
			sourceTree = "<group>";
		};
		B1DEE8B028BB528500F34E12 /* Commons */ = {
			isa = PBXGroup;
			children = (
				B1DEE8AB28BB482700F34E12 /* AssetSet.swift */,
			);
			path = Commons;
			sourceTree = "<group>";
		};
		F0724D8128B47C550005C688 /* Detail */ = {
			isa = PBXGroup;
			children = (
				F0724D8D28B47CFE0005C688 /* ViewModel */,
				F0724D8228B47C850005C688 /* Views */,
				F0724D8328B47C9B0005C688 /* DetailViewController.swift */,
			);
			path = Detail;
			sourceTree = "<group>";
		};
		F0724D8228B47C850005C688 /* Views */ = {
			isa = PBXGroup;
			children = (
				F0724D8B28B47CF40005C688 /* DetailView.swift */,
				F0724D9728B7D0BB0005C688 /* DetailView+TableViewExtension.swift */,
				F0724D8528B47CC30005C688 /* RestaurantDetailTableViewCell.swift */,
				F0724D9928B7DA360005C688 /* DetailView+CollectionViewExtension.swift */,
				F0724D8728B47CD70005C688 /* RestaurantHashTagCollectionViewCell.swift */,
				F0724D8928B47CE30005C688 /* RestaurantMenuCollectionViewCell.swift */,
			);
			path = Views;
			sourceTree = "<group>";
		};
		F0724D8D28B47CFE0005C688 /* ViewModel */ = {
			isa = PBXGroup;
			children = (
				F0724D8E28B47D170005C688 /* DetailViewModel.swift */,
			);
			path = ViewModel;
			sourceTree = "<group>";
		};
		F0BFAAD92896722900FB499E /* SDK */ = {
			isa = PBXGroup;
			children = (
				F0BFAADA2896723600FB499E /* APIClient.swift */,
				8ED9D79B28AF2672006A7F94 /* Model */,
				7822EF4628AF3C58000D405B /* Commons */,
			);
			path = SDK;
			sourceTree = "<group>";
		};
		FD7E2533287AB363008E9E24 /* Map */ = {
			isa = PBXGroup;
			children = (
				FD7E2534287AB36C008E9E24 /* MapViewController.swift */,
				FDFF861328B120910012EF71 /* MapViewModel.swift */,
				FD7E2541287AD10F008E9E24 /* Views */,
			);
			path = Map;
			sourceTree = "<group>";
		};
		FD7E2541287AD10F008E9E24 /* Views */ = {
			isa = PBXGroup;
			children = (
				FD7E2536287AB650008E9E24 /* MapView.swift */,
				FD7E2548287BB842008E9E24 /* AnnotationView.swift */,
			);
			path = Views;
			sourceTree = "<group>";
		};
/* End PBXGroup section */

/* Begin PBXNativeTarget section */
		B1A36AB4287AA26A00DE64C8 /* Foorun */ = {
			isa = PBXNativeTarget;
			buildConfigurationList = B1A36ADF287AA26B00DE64C8 /* Build configuration list for PBXNativeTarget "Foorun" */;
			buildPhases = (
				B1A36AB1287AA26A00DE64C8 /* Sources */,
				B1A36AB2287AA26A00DE64C8 /* Frameworks */,
				B1A36AB3287AA26A00DE64C8 /* Resources */,
				B1A36B75287AAA0E00DE64C8 /* Embed Frameworks */,
			);
			buildRules = (
			);
			dependencies = (
			);
			name = Foorun;
			packageProductDependencies = (
				B1A36B7A287AB01400DE64C8 /* SnapKit */,
				B1A36B7D287AB04D00DE64C8 /* Then */,
				B1A36B93287ADB6300DE64C8 /* ReferenceKit */,
				FDFF861628B120E50012EF71 /* RxCocoa */,
				FDFF861828B120E50012EF71 /* RxSwift */,
				78C48CB528AFB72500C50FB5 /* Kingfisher */,
				B198E79A28BA0F6A00EB0F24 /* Logger */,
				B1DEE8B228BB52E100F34E12 /* Alamofire */,
			);
			productName = Foorun;
			productReference = B1A36AB5287AA26A00DE64C8 /* Foorun.app */;
			productType = "com.apple.product-type.application";
		};
		B1A36ACA287AA26B00DE64C8 /* FoorunTests */ = {
			isa = PBXNativeTarget;
			buildConfigurationList = B1A36AE2287AA26B00DE64C8 /* Build configuration list for PBXNativeTarget "FoorunTests" */;
			buildPhases = (
				B1A36AC7287AA26B00DE64C8 /* Sources */,
				B1A36AC8287AA26B00DE64C8 /* Frameworks */,
				B1A36AC9287AA26B00DE64C8 /* Resources */,
			);
			buildRules = (
			);
			dependencies = (
				B1A36ACD287AA26B00DE64C8 /* PBXTargetDependency */,
			);
			name = FoorunTests;
			productName = FoorunTests;
			productReference = B1A36ACB287AA26B00DE64C8 /* FoorunTests.xctest */;
			productType = "com.apple.product-type.bundle.unit-test";
		};
		B1A36AD4287AA26B00DE64C8 /* FoorunUITests */ = {
			isa = PBXNativeTarget;
			buildConfigurationList = B1A36AE5287AA26B00DE64C8 /* Build configuration list for PBXNativeTarget "FoorunUITests" */;
			buildPhases = (
				B1A36AD1287AA26B00DE64C8 /* Sources */,
				B1A36AD2287AA26B00DE64C8 /* Frameworks */,
				B1A36AD3287AA26B00DE64C8 /* Resources */,
			);
			buildRules = (
			);
			dependencies = (
				B1A36AD7287AA26B00DE64C8 /* PBXTargetDependency */,
			);
			name = FoorunUITests;
			productName = FoorunUITests;
			productReference = B1A36AD5287AA26B00DE64C8 /* FoorunUITests.xctest */;
			productType = "com.apple.product-type.bundle.ui-testing";
		};
/* End PBXNativeTarget section */

/* Begin PBXProject section */
		B1A36AAD287AA26A00DE64C8 /* Project object */ = {
			isa = PBXProject;
			attributes = {
				BuildIndependentTargetsInParallel = 1;
				LastSwiftUpdateCheck = 1320;
				LastUpgradeCheck = 1320;
				TargetAttributes = {
					B1A36AB4287AA26A00DE64C8 = {
						CreatedOnToolsVersion = 13.2.1;
					};
					B1A36ACA287AA26B00DE64C8 = {
						CreatedOnToolsVersion = 13.2.1;
						TestTargetID = B1A36AB4287AA26A00DE64C8;
					};
					B1A36AD4287AA26B00DE64C8 = {
						CreatedOnToolsVersion = 13.2.1;
						TestTargetID = B1A36AB4287AA26A00DE64C8;
					};
				};
			};
			buildConfigurationList = B1A36AB0287AA26A00DE64C8 /* Build configuration list for PBXProject "Foorun" */;
			compatibilityVersion = "Xcode 13.0";
			developmentRegion = en;
			hasScannedForEncodings = 0;
			knownRegions = (
				en,
				Base,
			);
			mainGroup = B1A36AAC287AA26A00DE64C8;
			packageReferences = (
				B1A36B79287AB01400DE64C8 /* XCRemoteSwiftPackageReference "SnapKit" */,
				B1A36B7C287AB04D00DE64C8 /* XCRemoteSwiftPackageReference "Then" */,
				B1A36B92287ADB6300DE64C8 /* XCRemoteSwiftPackageReference "ReferenceKit" */,
				FDFF861528B120E50012EF71 /* XCRemoteSwiftPackageReference "RxSwift" */,
				78C48CB428AFB72500C50FB5 /* XCRemoteSwiftPackageReference "Kingfisher" */,
				B198E79928BA0F6A00EB0F24 /* XCRemoteSwiftPackageReference "Logger" */,
				B1DEE8B128BB52E100F34E12 /* XCRemoteSwiftPackageReference "Alamofire" */,
			);
			productRefGroup = B1A36AB6287AA26A00DE64C8 /* Products */;
			projectDirPath = "";
			projectReferences = (
				{
					ProductGroup = 8EAD1FE528AFB2FC00288624 /* Products */;
					ProjectRef = 8EAD1FE428AFB2FC00288624 /* FoorunKey.xcodeproj */;
				},
			);
			projectRoot = "";
			targets = (
				B1A36AB4287AA26A00DE64C8 /* Foorun */,
				B1A36ACA287AA26B00DE64C8 /* FoorunTests */,
				B1A36AD4287AA26B00DE64C8 /* FoorunUITests */,
			);
		};
/* End PBXProject section */

/* Begin PBXReferenceProxy section */
		8EAD1FEA28AFB2FC00288624 /* FoorunKey.framework */ = {
			isa = PBXReferenceProxy;
			fileType = wrapper.framework;
			path = FoorunKey.framework;
			remoteRef = 8EAD1FE928AFB2FC00288624 /* PBXContainerItemProxy */;
			sourceTree = BUILT_PRODUCTS_DIR;
		};
		8EAD1FEC28AFB2FC00288624 /* FoorunKeyTests.xctest */ = {
			isa = PBXReferenceProxy;
			fileType = wrapper.cfbundle;
			path = FoorunKeyTests.xctest;
			remoteRef = 8EAD1FEB28AFB2FC00288624 /* PBXContainerItemProxy */;
			sourceTree = BUILT_PRODUCTS_DIR;
		};
/* End PBXReferenceProxy section */

/* Begin PBXResourcesBuildPhase section */
		B1A36AB3287AA26A00DE64C8 /* Resources */ = {
			isa = PBXResourcesBuildPhase;
			buildActionMask = 2147483647;
			files = (
				B1A36AC5287AA26B00DE64C8 /* LaunchScreen.storyboard in Resources */,
				B1A36AC2287AA26B00DE64C8 /* Assets.xcassets in Resources */,
			);
			runOnlyForDeploymentPostprocessing = 0;
		};
		B1A36AC9287AA26B00DE64C8 /* Resources */ = {
			isa = PBXResourcesBuildPhase;
			buildActionMask = 2147483647;
			files = (
			);
			runOnlyForDeploymentPostprocessing = 0;
		};
		B1A36AD3287AA26B00DE64C8 /* Resources */ = {
			isa = PBXResourcesBuildPhase;
			buildActionMask = 2147483647;
			files = (
			);
			runOnlyForDeploymentPostprocessing = 0;
		};
/* End PBXResourcesBuildPhase section */

/* Begin PBXSourcesBuildPhase section */
		B1A36AB1287AA26A00DE64C8 /* Sources */ = {
			isa = PBXSourcesBuildPhase;
			buildActionMask = 2147483647;
			files = (
				8ED9D7A928AF2672006A7F94 /* EventDetailView.swift in Sources */,
				F0724D8428B47C9B0005C688 /* DetailViewController.swift in Sources */,
				F0BFAADE2896725700FB499E /* Restaurant.swift in Sources */,
				B1DEE8AC28BB482700F34E12 /* AssetSet.swift in Sources */,
				8ED9D7A228AF2672006A7F94 /* EventViewController.swift in Sources */,
				8ED9D7A328AF2672006A7F94 /* EventViewController.UICollectionView.swift in Sources */,
				B1A410802896650000B9306A /* MyPageView.swift in Sources */,
				B1A41085289669D600B9306A /* CertificationView.swift in Sources */,
				F0724D8A28B47CE30005C688 /* RestaurantMenuCollectionViewCell.swift in Sources */,
				FDFF861028B120620012EF71 /* Annotation.swift in Sources */,
				FD7E2537287AB650008E9E24 /* MapView.swift in Sources */,
				FDFF861228B120700012EF71 /* MapRestaurant.swift in Sources */,
				FD7E2549287BB842008E9E24 /* AnnotationView.swift in Sources */,
				FD7E254C287BBA14008E9E24 /* NSObject+.swift in Sources */,
				FD7E2535287AB36C008E9E24 /* MapViewController.swift in Sources */,
				FDFF861428B120910012EF71 /* MapViewModel.swift in Sources */,
				7822EF4D28AF6368000D405B /* TabBarController.swift in Sources */,
				B1A4107F2896650000B9306A /* InformationView.swift in Sources */,
				F0724D8828B47CD70005C688 /* RestaurantHashTagCollectionViewCell.swift in Sources */,
				B1A410812896650000B9306A /* SettingView.swift in Sources */,
				8ED9D7A628AF2672006A7F94 /* Event.swift in Sources */,
				B1A4107E2896650000B9306A /* SNSView.swift in Sources */,
				8ED9D7A728AF2672006A7F94 /* CouponType.swift in Sources */,
				F0724D9A28B7DA360005C688 /* DetailView+CollectionViewExtension.swift in Sources */,
				F0724D8F28B47D170005C688 /* DetailViewModel.swift in Sources */,
				B1A4107D2896650000B9306A /* SettingViewModel.swift in Sources */,
				F0BFAADB2896723600FB499E /* APIClient.swift in Sources */,
				8ED9D7A428AF2672006A7F94 /* EventView.swift in Sources */,
				8ED9D7A528AF2672006A7F94 /* EventCollectionViewCell.swift in Sources */,
				786E52AF289648A900B876E5 /* BookmarkViewController.swift in Sources */,
				7822EF3D28AB6418000D405B /* BookmarkViewController.UITableView.swift in Sources */,
				F0724D9828B7D0BC0005C688 /* DetailView+TableViewExtension.swift in Sources */,
				B1A36AB9287AA26A00DE64C8 /* AppDelegate.swift in Sources */,
				8ED9D79328AF2668006A7F94 /* UIViewController+.swift in Sources */,
				7822EF4828AF3C6E000D405B /* UserDefaultManager.swift in Sources */,
				7822EF4028AB6789000D405B /* BookmarkView.swift in Sources */,
				B1A36ABB287AA26A00DE64C8 /* SceneDelegate.swift in Sources */,
				786E52B32896492A00B876E5 /* BookmarkTableViewCell.swift in Sources */,
				8EAD1FE328AFB1FE00288624 /* EventValid.swift in Sources */,
				8ED9D7A828AF2672006A7F94 /* EventDetailViewController.swift in Sources */,
				F0724D8C28B47CF50005C688 /* DetailView.swift in Sources */,
				8ED9D79428AF2668006A7F94 /* UIAlertController+.swift in Sources */,
				F0724D8628B47CC30005C688 /* RestaurantDetailTableViewCell.swift in Sources */,
			);
			runOnlyForDeploymentPostprocessing = 0;
		};
		B1A36AC7287AA26B00DE64C8 /* Sources */ = {
			isa = PBXSourcesBuildPhase;
			buildActionMask = 2147483647;
			files = (
				B1A36AD0287AA26B00DE64C8 /* FoorunTests.swift in Sources */,
			);
			runOnlyForDeploymentPostprocessing = 0;
		};
		B1A36AD1287AA26B00DE64C8 /* Sources */ = {
			isa = PBXSourcesBuildPhase;
			buildActionMask = 2147483647;
			files = (
				B1A36ADA287AA26B00DE64C8 /* FoorunUITests.swift in Sources */,
				B1A36ADC287AA26B00DE64C8 /* FoorunUITestsLaunchTests.swift in Sources */,
			);
			runOnlyForDeploymentPostprocessing = 0;
		};
/* End PBXSourcesBuildPhase section */

/* Begin PBXTargetDependency section */
		B1A36ACD287AA26B00DE64C8 /* PBXTargetDependency */ = {
			isa = PBXTargetDependency;
			target = B1A36AB4287AA26A00DE64C8 /* Foorun */;
			targetProxy = B1A36ACC287AA26B00DE64C8 /* PBXContainerItemProxy */;
		};
		B1A36AD7287AA26B00DE64C8 /* PBXTargetDependency */ = {
			isa = PBXTargetDependency;
			target = B1A36AB4287AA26A00DE64C8 /* Foorun */;
			targetProxy = B1A36AD6287AA26B00DE64C8 /* PBXContainerItemProxy */;
		};
/* End PBXTargetDependency section */

/* Begin PBXVariantGroup section */
		B1A36AC3287AA26B00DE64C8 /* LaunchScreen.storyboard */ = {
			isa = PBXVariantGroup;
			children = (
				B1A36AC4287AA26B00DE64C8 /* Base */,
			);
			name = LaunchScreen.storyboard;
			sourceTree = "<group>";
		};
/* End PBXVariantGroup section */

/* Begin XCBuildConfiguration section */
		B1A36ADD287AA26B00DE64C8 /* Debug */ = {
			isa = XCBuildConfiguration;
			buildSettings = {
				ALWAYS_SEARCH_USER_PATHS = NO;
				CLANG_ANALYZER_NONNULL = YES;
				CLANG_ANALYZER_NUMBER_OBJECT_CONVERSION = YES_AGGRESSIVE;
				CLANG_CXX_LANGUAGE_STANDARD = "gnu++17";
				CLANG_CXX_LIBRARY = "libc++";
				CLANG_ENABLE_MODULES = YES;
				CLANG_ENABLE_OBJC_ARC = YES;
				CLANG_ENABLE_OBJC_WEAK = YES;
				CLANG_WARN_BLOCK_CAPTURE_AUTORELEASING = YES;
				CLANG_WARN_BOOL_CONVERSION = YES;
				CLANG_WARN_COMMA = YES;
				CLANG_WARN_CONSTANT_CONVERSION = YES;
				CLANG_WARN_DEPRECATED_OBJC_IMPLEMENTATIONS = YES;
				CLANG_WARN_DIRECT_OBJC_ISA_USAGE = YES_ERROR;
				CLANG_WARN_DOCUMENTATION_COMMENTS = YES;
				CLANG_WARN_EMPTY_BODY = YES;
				CLANG_WARN_ENUM_CONVERSION = YES;
				CLANG_WARN_INFINITE_RECURSION = YES;
				CLANG_WARN_INT_CONVERSION = YES;
				CLANG_WARN_NON_LITERAL_NULL_CONVERSION = YES;
				CLANG_WARN_OBJC_IMPLICIT_RETAIN_SELF = YES;
				CLANG_WARN_OBJC_LITERAL_CONVERSION = YES;
				CLANG_WARN_OBJC_ROOT_CLASS = YES_ERROR;
				CLANG_WARN_QUOTED_INCLUDE_IN_FRAMEWORK_HEADER = YES;
				CLANG_WARN_RANGE_LOOP_ANALYSIS = YES;
				CLANG_WARN_STRICT_PROTOTYPES = YES;
				CLANG_WARN_SUSPICIOUS_MOVE = YES;
				CLANG_WARN_UNGUARDED_AVAILABILITY = YES_AGGRESSIVE;
				CLANG_WARN_UNREACHABLE_CODE = YES;
				CLANG_WARN__DUPLICATE_METHOD_MATCH = YES;
				COPY_PHASE_STRIP = NO;
				DEBUG_INFORMATION_FORMAT = dwarf;
				ENABLE_STRICT_OBJC_MSGSEND = YES;
				ENABLE_TESTABILITY = YES;
				GCC_C_LANGUAGE_STANDARD = gnu11;
				GCC_DYNAMIC_NO_PIC = NO;
				GCC_NO_COMMON_BLOCKS = YES;
				GCC_OPTIMIZATION_LEVEL = 0;
				GCC_PREPROCESSOR_DEFINITIONS = (
					"DEBUG=1",
					"$(inherited)",
				);
				GCC_WARN_64_TO_32_BIT_CONVERSION = YES;
				GCC_WARN_ABOUT_RETURN_TYPE = YES_ERROR;
				GCC_WARN_UNDECLARED_SELECTOR = YES;
				GCC_WARN_UNINITIALIZED_AUTOS = YES_AGGRESSIVE;
				GCC_WARN_UNUSED_FUNCTION = YES;
				GCC_WARN_UNUSED_VARIABLE = YES;
				IPHONEOS_DEPLOYMENT_TARGET = 15.2;
				MTL_ENABLE_DEBUG_INFO = INCLUDE_SOURCE;
				MTL_FAST_MATH = YES;
				ONLY_ACTIVE_ARCH = YES;
				SDKROOT = iphoneos;
				SWIFT_ACTIVE_COMPILATION_CONDITIONS = DEBUG;
				SWIFT_OPTIMIZATION_LEVEL = "-Onone";
			};
			name = Debug;
		};
		B1A36ADE287AA26B00DE64C8 /* Release */ = {
			isa = XCBuildConfiguration;
			buildSettings = {
				ALWAYS_SEARCH_USER_PATHS = NO;
				CLANG_ANALYZER_NONNULL = YES;
				CLANG_ANALYZER_NUMBER_OBJECT_CONVERSION = YES_AGGRESSIVE;
				CLANG_CXX_LANGUAGE_STANDARD = "gnu++17";
				CLANG_CXX_LIBRARY = "libc++";
				CLANG_ENABLE_MODULES = YES;
				CLANG_ENABLE_OBJC_ARC = YES;
				CLANG_ENABLE_OBJC_WEAK = YES;
				CLANG_WARN_BLOCK_CAPTURE_AUTORELEASING = YES;
				CLANG_WARN_BOOL_CONVERSION = YES;
				CLANG_WARN_COMMA = YES;
				CLANG_WARN_CONSTANT_CONVERSION = YES;
				CLANG_WARN_DEPRECATED_OBJC_IMPLEMENTATIONS = YES;
				CLANG_WARN_DIRECT_OBJC_ISA_USAGE = YES_ERROR;
				CLANG_WARN_DOCUMENTATION_COMMENTS = YES;
				CLANG_WARN_EMPTY_BODY = YES;
				CLANG_WARN_ENUM_CONVERSION = YES;
				CLANG_WARN_INFINITE_RECURSION = YES;
				CLANG_WARN_INT_CONVERSION = YES;
				CLANG_WARN_NON_LITERAL_NULL_CONVERSION = YES;
				CLANG_WARN_OBJC_IMPLICIT_RETAIN_SELF = YES;
				CLANG_WARN_OBJC_LITERAL_CONVERSION = YES;
				CLANG_WARN_OBJC_ROOT_CLASS = YES_ERROR;
				CLANG_WARN_QUOTED_INCLUDE_IN_FRAMEWORK_HEADER = YES;
				CLANG_WARN_RANGE_LOOP_ANALYSIS = YES;
				CLANG_WARN_STRICT_PROTOTYPES = YES;
				CLANG_WARN_SUSPICIOUS_MOVE = YES;
				CLANG_WARN_UNGUARDED_AVAILABILITY = YES_AGGRESSIVE;
				CLANG_WARN_UNREACHABLE_CODE = YES;
				CLANG_WARN__DUPLICATE_METHOD_MATCH = YES;
				COPY_PHASE_STRIP = NO;
				DEBUG_INFORMATION_FORMAT = "dwarf-with-dsym";
				ENABLE_NS_ASSERTIONS = NO;
				ENABLE_STRICT_OBJC_MSGSEND = YES;
				GCC_C_LANGUAGE_STANDARD = gnu11;
				GCC_NO_COMMON_BLOCKS = YES;
				GCC_WARN_64_TO_32_BIT_CONVERSION = YES;
				GCC_WARN_ABOUT_RETURN_TYPE = YES_ERROR;
				GCC_WARN_UNDECLARED_SELECTOR = YES;
				GCC_WARN_UNINITIALIZED_AUTOS = YES_AGGRESSIVE;
				GCC_WARN_UNUSED_FUNCTION = YES;
				GCC_WARN_UNUSED_VARIABLE = YES;
				IPHONEOS_DEPLOYMENT_TARGET = 15.2;
				MTL_ENABLE_DEBUG_INFO = NO;
				MTL_FAST_MATH = YES;
				SDKROOT = iphoneos;
				SWIFT_COMPILATION_MODE = wholemodule;
				SWIFT_OPTIMIZATION_LEVEL = "-O";
				VALIDATE_PRODUCT = YES;
			};
			name = Release;
		};
		B1A36AE0287AA26B00DE64C8 /* Debug */ = {
			isa = XCBuildConfiguration;
			buildSettings = {
				ASSETCATALOG_COMPILER_APPICON_NAME = AppIcon;
				ASSETCATALOG_COMPILER_GLOBAL_ACCENT_COLOR_NAME = AccentColor;
				CODE_SIGN_IDENTITY = "Apple Development";
				CODE_SIGN_STYLE = Automatic;
				CURRENT_PROJECT_VERSION = 3;
				DEVELOPMENT_TEAM = 7W4B2CQKWX;
				GENERATE_INFOPLIST_FILE = YES;
				INFOPLIST_FILE = Foorun/Info.plist;
				INFOPLIST_KEY_CFBundleDisplayName = "UNI-EAT";
				INFOPLIST_KEY_NSLocationWhenInUseUsageDescription = "주변 맛집 정보를 제공하기 위해 사용자의 위치 권한이 필요합니다.";
				INFOPLIST_KEY_UIApplicationSupportsIndirectInputEvents = YES;
				INFOPLIST_KEY_UILaunchStoryboardName = LaunchScreen;
				INFOPLIST_KEY_UISupportedInterfaceOrientations = UIInterfaceOrientationPortrait;
				INFOPLIST_KEY_UISupportedInterfaceOrientations_iPad = "UIInterfaceOrientationPortrait UIInterfaceOrientationPortraitUpsideDown UIInterfaceOrientationLandscapeLeft UIInterfaceOrientationLandscapeRight";
				INFOPLIST_KEY_UISupportedInterfaceOrientations_iPhone = "UIInterfaceOrientationPortrait UIInterfaceOrientationLandscapeLeft UIInterfaceOrientationLandscapeRight";
				INFOPLIST_KEY_UIUserInterfaceStyle = Light;
				IPHONEOS_DEPLOYMENT_TARGET = 15.0;
				LD_RUNPATH_SEARCH_PATHS = (
					"$(inherited)",
					"@executable_path/Frameworks",
				);
				MARKETING_VERSION = 1.0.0;
				PRODUCT_BUNDLE_IDENTIFIER = com.app.Foorun;
				PRODUCT_NAME = "$(TARGET_NAME)";
				PROVISIONING_PROFILE_SPECIFIER = "";
				SWIFT_EMIT_LOC_STRINGS = YES;
				SWIFT_VERSION = 5.0;
				TARGETED_DEVICE_FAMILY = "1,2";
			};
			name = Debug;
		};
		B1A36AE1287AA26B00DE64C8 /* Release */ = {
			isa = XCBuildConfiguration;
			buildSettings = {
				ASSETCATALOG_COMPILER_APPICON_NAME = AppIcon;
				ASSETCATALOG_COMPILER_GLOBAL_ACCENT_COLOR_NAME = AccentColor;
				CODE_SIGN_IDENTITY = "Apple Development";
				CODE_SIGN_STYLE = Automatic;
				CURRENT_PROJECT_VERSION = 3;
				DEVELOPMENT_TEAM = 7W4B2CQKWX;
				GENERATE_INFOPLIST_FILE = YES;
				INFOPLIST_FILE = Foorun/Info.plist;
				INFOPLIST_KEY_CFBundleDisplayName = "UNI-EAT";
				INFOPLIST_KEY_NSLocationWhenInUseUsageDescription = "주변 맛집 정보를 제공하기 위해 사용자의 위치 권한이 필요합니다.";
				INFOPLIST_KEY_UIApplicationSupportsIndirectInputEvents = YES;
				INFOPLIST_KEY_UILaunchStoryboardName = LaunchScreen;
				INFOPLIST_KEY_UISupportedInterfaceOrientations = UIInterfaceOrientationPortrait;
				INFOPLIST_KEY_UISupportedInterfaceOrientations_iPad = "UIInterfaceOrientationPortrait UIInterfaceOrientationPortraitUpsideDown UIInterfaceOrientationLandscapeLeft UIInterfaceOrientationLandscapeRight";
				INFOPLIST_KEY_UISupportedInterfaceOrientations_iPhone = "UIInterfaceOrientationPortrait UIInterfaceOrientationLandscapeLeft UIInterfaceOrientationLandscapeRight";
				INFOPLIST_KEY_UIUserInterfaceStyle = Light;
				IPHONEOS_DEPLOYMENT_TARGET = 15.0;
				LD_RUNPATH_SEARCH_PATHS = (
					"$(inherited)",
					"@executable_path/Frameworks",
				);
				MARKETING_VERSION = 1.0.0;
				PRODUCT_BUNDLE_IDENTIFIER = com.app.Foorun;
				PRODUCT_NAME = "$(TARGET_NAME)";
				PROVISIONING_PROFILE_SPECIFIER = "";
				SWIFT_EMIT_LOC_STRINGS = YES;
				SWIFT_VERSION = 5.0;
				TARGETED_DEVICE_FAMILY = "1,2";
			};
			name = Release;
		};
		B1A36AE3287AA26B00DE64C8 /* Debug */ = {
			isa = XCBuildConfiguration;
			buildSettings = {
				ALWAYS_EMBED_SWIFT_STANDARD_LIBRARIES = YES;
				BUNDLE_LOADER = "$(TEST_HOST)";
				CODE_SIGN_STYLE = Automatic;
				CURRENT_PROJECT_VERSION = 1;
				GENERATE_INFOPLIST_FILE = YES;
				IPHONEOS_DEPLOYMENT_TARGET = 15.2;
				MARKETING_VERSION = 1.0;
				PRODUCT_BUNDLE_IDENTIFIER = com.app.FoorunTests;
				PRODUCT_NAME = "$(TARGET_NAME)";
				SWIFT_EMIT_LOC_STRINGS = NO;
				SWIFT_VERSION = 5.0;
				TARGETED_DEVICE_FAMILY = "1,2";
				TEST_HOST = "$(BUILT_PRODUCTS_DIR)/Foorun.app/Foorun";
			};
			name = Debug;
		};
		B1A36AE4287AA26B00DE64C8 /* Release */ = {
			isa = XCBuildConfiguration;
			buildSettings = {
				ALWAYS_EMBED_SWIFT_STANDARD_LIBRARIES = YES;
				BUNDLE_LOADER = "$(TEST_HOST)";
				CODE_SIGN_STYLE = Automatic;
				CURRENT_PROJECT_VERSION = 1;
				GENERATE_INFOPLIST_FILE = YES;
				IPHONEOS_DEPLOYMENT_TARGET = 15.2;
				MARKETING_VERSION = 1.0;
				PRODUCT_BUNDLE_IDENTIFIER = com.app.FoorunTests;
				PRODUCT_NAME = "$(TARGET_NAME)";
				SWIFT_EMIT_LOC_STRINGS = NO;
				SWIFT_VERSION = 5.0;
				TARGETED_DEVICE_FAMILY = "1,2";
				TEST_HOST = "$(BUILT_PRODUCTS_DIR)/Foorun.app/Foorun";
			};
			name = Release;
		};
		B1A36AE6287AA26B00DE64C8 /* Debug */ = {
			isa = XCBuildConfiguration;
			buildSettings = {
				ALWAYS_EMBED_SWIFT_STANDARD_LIBRARIES = YES;
				CODE_SIGN_STYLE = Automatic;
				CURRENT_PROJECT_VERSION = 1;
				GENERATE_INFOPLIST_FILE = YES;
				MARKETING_VERSION = 1.0;
				PRODUCT_BUNDLE_IDENTIFIER = com.app.FoorunUITests;
				PRODUCT_NAME = "$(TARGET_NAME)";
				SWIFT_EMIT_LOC_STRINGS = NO;
				SWIFT_VERSION = 5.0;
				TARGETED_DEVICE_FAMILY = "1,2";
				TEST_TARGET_NAME = Foorun;
			};
			name = Debug;
		};
		B1A36AE7287AA26B00DE64C8 /* Release */ = {
			isa = XCBuildConfiguration;
			buildSettings = {
				ALWAYS_EMBED_SWIFT_STANDARD_LIBRARIES = YES;
				CODE_SIGN_STYLE = Automatic;
				CURRENT_PROJECT_VERSION = 1;
				GENERATE_INFOPLIST_FILE = YES;
				MARKETING_VERSION = 1.0;
				PRODUCT_BUNDLE_IDENTIFIER = com.app.FoorunUITests;
				PRODUCT_NAME = "$(TARGET_NAME)";
				SWIFT_EMIT_LOC_STRINGS = NO;
				SWIFT_VERSION = 5.0;
				TARGETED_DEVICE_FAMILY = "1,2";
				TEST_TARGET_NAME = Foorun;
			};
			name = Release;
		};
/* End XCBuildConfiguration section */

/* Begin XCConfigurationList section */
		B1A36AB0287AA26A00DE64C8 /* Build configuration list for PBXProject "Foorun" */ = {
			isa = XCConfigurationList;
			buildConfigurations = (
				B1A36ADD287AA26B00DE64C8 /* Debug */,
				B1A36ADE287AA26B00DE64C8 /* Release */,
			);
			defaultConfigurationIsVisible = 0;
			defaultConfigurationName = Release;
		};
		B1A36ADF287AA26B00DE64C8 /* Build configuration list for PBXNativeTarget "Foorun" */ = {
			isa = XCConfigurationList;
			buildConfigurations = (
				B1A36AE0287AA26B00DE64C8 /* Debug */,
				B1A36AE1287AA26B00DE64C8 /* Release */,
			);
			defaultConfigurationIsVisible = 0;
			defaultConfigurationName = Release;
		};
		B1A36AE2287AA26B00DE64C8 /* Build configuration list for PBXNativeTarget "FoorunTests" */ = {
			isa = XCConfigurationList;
			buildConfigurations = (
				B1A36AE3287AA26B00DE64C8 /* Debug */,
				B1A36AE4287AA26B00DE64C8 /* Release */,
			);
			defaultConfigurationIsVisible = 0;
			defaultConfigurationName = Release;
		};
		B1A36AE5287AA26B00DE64C8 /* Build configuration list for PBXNativeTarget "FoorunUITests" */ = {
			isa = XCConfigurationList;
			buildConfigurations = (
				B1A36AE6287AA26B00DE64C8 /* Debug */,
				B1A36AE7287AA26B00DE64C8 /* Release */,
			);
			defaultConfigurationIsVisible = 0;
			defaultConfigurationName = Release;
		};
/* End XCConfigurationList section */

/* Begin XCRemoteSwiftPackageReference section */
		78C48CB428AFB72500C50FB5 /* XCRemoteSwiftPackageReference "Kingfisher" */ = {
			isa = XCRemoteSwiftPackageReference;
			repositoryURL = "https://github.com/onevcat/Kingfisher";
			requirement = {
				kind = upToNextMinorVersion;
				minimumVersion = 7.3.0;
			};
		};
		B198E79928BA0F6A00EB0F24 /* XCRemoteSwiftPackageReference "Logger" */ = {
			isa = XCRemoteSwiftPackageReference;
			repositoryURL = "https://github.com/BoilerSwift/Logger";
			requirement = {
				branch = main;
				kind = branch;
			};
		};
		B1A36B79287AB01400DE64C8 /* XCRemoteSwiftPackageReference "SnapKit" */ = {
			isa = XCRemoteSwiftPackageReference;
			repositoryURL = "https://github.com/SnapKit/SnapKit";
			requirement = {
				kind = upToNextMinorVersion;
				minimumVersion = 5.6.0;
			};
		};
		B1A36B7C287AB04D00DE64C8 /* XCRemoteSwiftPackageReference "Then" */ = {
			isa = XCRemoteSwiftPackageReference;
			repositoryURL = "https://github.com/devxoul/Then";
			requirement = {
				kind = upToNextMinorVersion;
				minimumVersion = 3.0.0;
			};
		};
		B1A36B92287ADB6300DE64C8 /* XCRemoteSwiftPackageReference "ReferenceKit" */ = {
			isa = XCRemoteSwiftPackageReference;
			repositoryURL = "https://github.com/BoilerSwift/ReferenceKit";
			requirement = {
				kind = upToNextMinorVersion;
				minimumVersion = 1.0.4;
			};
		};
		B1DEE8B128BB52E100F34E12 /* XCRemoteSwiftPackageReference "Alamofire" */ = {
			isa = XCRemoteSwiftPackageReference;
			repositoryURL = "https://github.com/Alamofire/Alamofire";
			requirement = {
				kind = upToNextMinorVersion;
				minimumVersion = 5.6.0;
			};
		};
		FDFF861528B120E50012EF71 /* XCRemoteSwiftPackageReference "RxSwift" */ = {
			isa = XCRemoteSwiftPackageReference;
			repositoryURL = "https://github.com/ReactiveX/RxSwift";
			requirement = {
				kind = upToNextMajorVersion;
				minimumVersion = 6.0.0;
			};
		};
/* End XCRemoteSwiftPackageReference section */

/* Begin XCSwiftPackageProductDependency section */
		78C48CB528AFB72500C50FB5 /* Kingfisher */ = {
			isa = XCSwiftPackageProductDependency;
			package = 78C48CB428AFB72500C50FB5 /* XCRemoteSwiftPackageReference "Kingfisher" */;
			productName = Kingfisher;
		};
		B198E79A28BA0F6A00EB0F24 /* Logger */ = {
			isa = XCSwiftPackageProductDependency;
			package = B198E79928BA0F6A00EB0F24 /* XCRemoteSwiftPackageReference "Logger" */;
			productName = Logger;
		};
		B1A36B7A287AB01400DE64C8 /* SnapKit */ = {
			isa = XCSwiftPackageProductDependency;
			package = B1A36B79287AB01400DE64C8 /* XCRemoteSwiftPackageReference "SnapKit" */;
			productName = SnapKit;
		};
		B1A36B7D287AB04D00DE64C8 /* Then */ = {
			isa = XCSwiftPackageProductDependency;
			package = B1A36B7C287AB04D00DE64C8 /* XCRemoteSwiftPackageReference "Then" */;
			productName = Then;
		};
		B1A36B93287ADB6300DE64C8 /* ReferenceKit */ = {
			isa = XCSwiftPackageProductDependency;
			package = B1A36B92287ADB6300DE64C8 /* XCRemoteSwiftPackageReference "ReferenceKit" */;
			productName = ReferenceKit;
		};
		B1DEE8B228BB52E100F34E12 /* Alamofire */ = {
			isa = XCSwiftPackageProductDependency;
			package = B1DEE8B128BB52E100F34E12 /* XCRemoteSwiftPackageReference "Alamofire" */;
			productName = Alamofire;
		};
		FDFF861628B120E50012EF71 /* RxCocoa */ = {
			isa = XCSwiftPackageProductDependency;
			package = FDFF861528B120E50012EF71 /* XCRemoteSwiftPackageReference "RxSwift" */;
			productName = RxCocoa;
		};
		FDFF861828B120E50012EF71 /* RxSwift */ = {
			isa = XCSwiftPackageProductDependency;
			package = FDFF861528B120E50012EF71 /* XCRemoteSwiftPackageReference "RxSwift" */;
			productName = RxSwift;
		};
/* End XCSwiftPackageProductDependency section */
	};
	rootObject = B1A36AAD287AA26A00DE64C8 /* Project object */;
}
