// !$*UTF8*$!
{
	archiveVersion = 1;
	classes = {
	};
	objectVersion = 55;
	objects = {

/* Begin PBXBuildFile section */
		8E75ECB928963C1D008A1221 /* FoorunKey.framework in Frameworks */ = {isa = PBXBuildFile; fileRef = B1A36B72287AAA0D00DE64C8 /* FoorunKey.framework */; };
		8E75ECBA28963C1D008A1221 /* FoorunKey.framework in Embed Frameworks */ = {isa = PBXBuildFile; fileRef = B1A36B72287AAA0D00DE64C8 /* FoorunKey.framework */; settings = {ATTRIBUTES = (CodeSignOnCopy, RemoveHeadersOnCopy, ); }; };
		8E75ECD8289647B4008A1221 /* EventViewController.swift in Sources */ = {isa = PBXBuildFile; fileRef = 8E75ECC9289647B4008A1221 /* EventViewController.swift */; };
		8E75ECD9289647B4008A1221 /* EventCell.swift in Sources */ = {isa = PBXBuildFile; fileRef = 8E75ECCC289647B4008A1221 /* EventCell.swift */; };
		8E75ECDA289647B4008A1221 /* EventListView.swift in Sources */ = {isa = PBXBuildFile; fileRef = 8E75ECCD289647B4008A1221 /* EventListView.swift */; };
		8E75ECDB289647B4008A1221 /* EventHeaderView.swift in Sources */ = {isa = PBXBuildFile; fileRef = 8E75ECCF289647B4008A1221 /* EventHeaderView.swift */; };
		8E75ECDC289647B4008A1221 /* BlankView.swift in Sources */ = {isa = PBXBuildFile; fileRef = 8E75ECD1289647B4008A1221 /* BlankView.swift */; };
		8E75ECDD289647B4008A1221 /* CouponBottomView.swift in Sources */ = {isa = PBXBuildFile; fileRef = 8E75ECD2289647B4008A1221 /* CouponBottomView.swift */; };
		8E75ECDE289647B4008A1221 /* EventDetailViewController.swift in Sources */ = {isa = PBXBuildFile; fileRef = 8E75ECD3289647B4008A1221 /* EventDetailViewController.swift */; };
		8E75ECDF289647B4008A1221 /* EventDescriptionView.swift in Sources */ = {isa = PBXBuildFile; fileRef = 8E75ECD5289647B4008A1221 /* EventDescriptionView.swift */; };
		8E75ECE0289647B4008A1221 /* EventNoticeDescriptionCell.swift in Sources */ = {isa = PBXBuildFile; fileRef = 8E75ECD6289647B4008A1221 /* EventNoticeDescriptionCell.swift */; };
		8E75ECE1289647B4008A1221 /* EventPosterView.swift in Sources */ = {isa = PBXBuildFile; fileRef = 8E75ECD7289647B4008A1221 /* EventPosterView.swift */; };
		8E75ECE7289647DC008A1221 /* Event.swift in Sources */ = {isa = PBXBuildFile; fileRef = 8E75ECE3289647DC008A1221 /* Event.swift */; };
		8E75ECE8289647DC008A1221 /* CouponType.swift in Sources */ = {isa = PBXBuildFile; fileRef = 8E75ECE4289647DC008A1221 /* CouponType.swift */; };
		8E75ECE9289647DC008A1221 /* DummyModel.swift in Sources */ = {isa = PBXBuildFile; fileRef = 8E75ECE5289647DC008A1221 /* DummyModel.swift */; };
		8E75ECEA289647DC008A1221 /* EventValid.swift in Sources */ = {isa = PBXBuildFile; fileRef = 8E75ECE6289647DC008A1221 /* EventValid.swift */; };
		8E75ECF5289647E7008A1221 /* APIRequestManager.swift in Sources */ = {isa = PBXBuildFile; fileRef = 8E75ECED289647E7008A1221 /* APIRequestManager.swift */; };
		8E75ECF6289647E7008A1221 /* EventNetworkManager.swift in Sources */ = {isa = PBXBuildFile; fileRef = 8E75ECEF289647E7008A1221 /* EventNetworkManager.swift */; };
		8E75ECF7289647E7008A1221 /* EventAPI.swift in Sources */ = {isa = PBXBuildFile; fileRef = 8E75ECF0289647E7008A1221 /* EventAPI.swift */; };
		8E75ECF8289647E7008A1221 /* HTTPMethods.swift in Sources */ = {isa = PBXBuildFile; fileRef = 8E75ECF2289647E7008A1221 /* HTTPMethods.swift */; };
		8E75ECF9289647E7008A1221 /* RequestNeeds.swift in Sources */ = {isa = PBXBuildFile; fileRef = 8E75ECF3289647E7008A1221 /* RequestNeeds.swift */; };
		8E75ECFA289647E7008A1221 /* NetworkError.swift in Sources */ = {isa = PBXBuildFile; fileRef = 8E75ECF4289647E7008A1221 /* NetworkError.swift */; };
		8E75ED03289647F0008A1221 /* Date.swift in Sources */ = {isa = PBXBuildFile; fileRef = 8E75ECFC289647F0008A1221 /* Date.swift */; };
		8E75ED04289647F0008A1221 /* UIView.swift in Sources */ = {isa = PBXBuildFile; fileRef = 8E75ECFD289647F0008A1221 /* UIView.swift */; };
		8E75ED05289647F0008A1221 /* String.swift in Sources */ = {isa = PBXBuildFile; fileRef = 8E75ECFE289647F0008A1221 /* String.swift */; };
		8E75ED06289647F0008A1221 /* UIImage.swift in Sources */ = {isa = PBXBuildFile; fileRef = 8E75ECFF289647F0008A1221 /* UIImage.swift */; };
		8E75ED07289647F0008A1221 /* UIViewController.swift in Sources */ = {isa = PBXBuildFile; fileRef = 8E75ED00289647F0008A1221 /* UIViewController.swift */; };
		8E75ED08289647F0008A1221 /* UIFont.swift in Sources */ = {isa = PBXBuildFile; fileRef = 8E75ED01289647F0008A1221 /* UIFont.swift */; };
		8E75ED09289647F0008A1221 /* UIAlertController.swift in Sources */ = {isa = PBXBuildFile; fileRef = 8E75ED02289647F0008A1221 /* UIAlertController.swift */; };
		B1A36AB9287AA26A00DE64C8 /* AppDelegate.swift in Sources */ = {isa = PBXBuildFile; fileRef = B1A36AB8287AA26A00DE64C8 /* AppDelegate.swift */; };
		B1A36ABB287AA26A00DE64C8 /* SceneDelegate.swift in Sources */ = {isa = PBXBuildFile; fileRef = B1A36ABA287AA26A00DE64C8 /* SceneDelegate.swift */; };
		B1A36AC2287AA26B00DE64C8 /* Assets.xcassets in Resources */ = {isa = PBXBuildFile; fileRef = B1A36AC1287AA26B00DE64C8 /* Assets.xcassets */; };
		B1A36AC5287AA26B00DE64C8 /* LaunchScreen.storyboard in Resources */ = {isa = PBXBuildFile; fileRef = B1A36AC3287AA26B00DE64C8 /* LaunchScreen.storyboard */; };
		B1A36AD0287AA26B00DE64C8 /* FoorunTests.swift in Sources */ = {isa = PBXBuildFile; fileRef = B1A36ACF287AA26B00DE64C8 /* FoorunTests.swift */; };
		B1A36ADA287AA26B00DE64C8 /* FoorunUITests.swift in Sources */ = {isa = PBXBuildFile; fileRef = B1A36AD9287AA26B00DE64C8 /* FoorunUITests.swift */; };
		B1A36ADC287AA26B00DE64C8 /* FoorunUITestsLaunchTests.swift in Sources */ = {isa = PBXBuildFile; fileRef = B1A36ADB287AA26B00DE64C8 /* FoorunUITestsLaunchTests.swift */; };
		B1A36B78287AACE200DE64C8 /* Logger in Frameworks */ = {isa = PBXBuildFile; productRef = B1A36B77287AACE200DE64C8 /* Logger */; };
		B1A36B7B287AB01400DE64C8 /* SnapKit in Frameworks */ = {isa = PBXBuildFile; productRef = B1A36B7A287AB01400DE64C8 /* SnapKit */; };
		B1A36B7E287AB04D00DE64C8 /* Then in Frameworks */ = {isa = PBXBuildFile; productRef = B1A36B7D287AB04D00DE64C8 /* Then */; };
		B1A36B94287ADB6300DE64C8 /* ReferenceKit in Frameworks */ = {isa = PBXBuildFile; productRef = B1A36B93287ADB6300DE64C8 /* ReferenceKit */; };
		B1A4107D2896650000B9306A /* SettingViewModel.swift in Sources */ = {isa = PBXBuildFile; fileRef = B1A410772896650000B9306A /* SettingViewModel.swift */; };
		B1A4107E2896650000B9306A /* SNSView.swift in Sources */ = {isa = PBXBuildFile; fileRef = B1A410792896650000B9306A /* SNSView.swift */; };
		B1A4107F2896650000B9306A /* InformationView.swift in Sources */ = {isa = PBXBuildFile; fileRef = B1A4107A2896650000B9306A /* InformationView.swift */; };
		B1A410802896650000B9306A /* MyPageView.swift in Sources */ = {isa = PBXBuildFile; fileRef = B1A4107B2896650000B9306A /* MyPageView.swift */; };
		B1A410812896650000B9306A /* SettingView.swift in Sources */ = {isa = PBXBuildFile; fileRef = B1A4107C2896650000B9306A /* SettingView.swift */; };
		B1A41085289669D600B9306A /* CertificationView.swift in Sources */ = {isa = PBXBuildFile; fileRef = B1A41084289669D600B9306A /* CertificationView.swift */; };
		F0BFAADB2896723600FB499E /* APIClient.swift in Sources */ = {isa = PBXBuildFile; fileRef = F0BFAADA2896723600FB499E /* APIClient.swift */; };
		F0BFAADE2896725700FB499E /* RestaurantList.swift in Sources */ = {isa = PBXBuildFile; fileRef = F0BFAADD2896725700FB499E /* RestaurantList.swift */; };
		F0BFAAE12896729300FB499E /* Alamofire in Frameworks */ = {isa = PBXBuildFile; productRef = F0BFAAE02896729300FB499E /* Alamofire */; };
/* End PBXBuildFile section */

/* Begin PBXContainerItemProxy section */
		8E75ECC1289645A9008A1221 /* PBXContainerItemProxy */ = {
			isa = PBXContainerItemProxy;
			containerPortal = 8E75ECBC289645A9008A1221 /* FoorunKey.xcodeproj */;
			proxyType = 2;
			remoteGlobalIDString = B1A36B44287AA89F00DE64C8;
			remoteInfo = FoorunKey;
		};
		8E75ECC3289645A9008A1221 /* PBXContainerItemProxy */ = {
			isa = PBXContainerItemProxy;
			containerPortal = 8E75ECBC289645A9008A1221 /* FoorunKey.xcodeproj */;
			proxyType = 2;
			remoteGlobalIDString = B1A36B4C287AA89F00DE64C8;
			remoteInfo = FoorunKeyTests;
		};
		B1A36ACC287AA26B00DE64C8 /* PBXContainerItemProxy */ = {
			isa = PBXContainerItemProxy;
			containerPortal = B1A36AAD287AA26A00DE64C8 /* Project object */;
			proxyType = 1;
			remoteGlobalIDString = B1A36AB4287AA26A00DE64C8;
			remoteInfo = Foorun;
		};
		B1A36AD6287AA26B00DE64C8 /* PBXContainerItemProxy */ = {
			isa = PBXContainerItemProxy;
			containerPortal = B1A36AAD287AA26A00DE64C8 /* Project object */;
			proxyType = 1;
			remoteGlobalIDString = B1A36AB4287AA26A00DE64C8;
			remoteInfo = Foorun;
		};
/* End PBXContainerItemProxy section */

/* Begin PBXCopyFilesBuildPhase section */
		8E75ECBB28963C1E008A1221 /* Embed Frameworks */ = {
			isa = PBXCopyFilesBuildPhase;
			buildActionMask = 2147483647;
			dstPath = "";
			dstSubfolderSpec = 10;
			files = (
				8E75ECBA28963C1D008A1221 /* FoorunKey.framework in Embed Frameworks */,
			);
			name = "Embed Frameworks";
			runOnlyForDeploymentPostprocessing = 0;
		};
/* End PBXCopyFilesBuildPhase section */

/* Begin PBXFileReference section */
		8E75ECBC289645A9008A1221 /* FoorunKey.xcodeproj */ = {isa = PBXFileReference; lastKnownFileType = "wrapper.pb-project"; name = FoorunKey.xcodeproj; path = "../../Foorun-key/FoorunKey/FoorunKey.xcodeproj"; sourceTree = "<group>"; };
		8E75ECC9289647B4008A1221 /* EventViewController.swift */ = {isa = PBXFileReference; fileEncoding = 4; lastKnownFileType = sourcecode.swift; path = EventViewController.swift; sourceTree = "<group>"; };
		8E75ECCC289647B4008A1221 /* EventCell.swift */ = {isa = PBXFileReference; fileEncoding = 4; lastKnownFileType = sourcecode.swift; path = EventCell.swift; sourceTree = "<group>"; };
		8E75ECCD289647B4008A1221 /* EventListView.swift */ = {isa = PBXFileReference; fileEncoding = 4; lastKnownFileType = sourcecode.swift; path = EventListView.swift; sourceTree = "<group>"; };
		8E75ECCF289647B4008A1221 /* EventHeaderView.swift */ = {isa = PBXFileReference; fileEncoding = 4; lastKnownFileType = sourcecode.swift; path = EventHeaderView.swift; sourceTree = "<group>"; };
		8E75ECD1289647B4008A1221 /* BlankView.swift */ = {isa = PBXFileReference; fileEncoding = 4; lastKnownFileType = sourcecode.swift; path = BlankView.swift; sourceTree = "<group>"; };
		8E75ECD2289647B4008A1221 /* CouponBottomView.swift */ = {isa = PBXFileReference; fileEncoding = 4; lastKnownFileType = sourcecode.swift; path = CouponBottomView.swift; sourceTree = "<group>"; };
		8E75ECD3289647B4008A1221 /* EventDetailViewController.swift */ = {isa = PBXFileReference; fileEncoding = 4; lastKnownFileType = sourcecode.swift; path = EventDetailViewController.swift; sourceTree = "<group>"; };
		8E75ECD5289647B4008A1221 /* EventDescriptionView.swift */ = {isa = PBXFileReference; fileEncoding = 4; lastKnownFileType = sourcecode.swift; path = EventDescriptionView.swift; sourceTree = "<group>"; };
		8E75ECD6289647B4008A1221 /* EventNoticeDescriptionCell.swift */ = {isa = PBXFileReference; fileEncoding = 4; lastKnownFileType = sourcecode.swift; path = EventNoticeDescriptionCell.swift; sourceTree = "<group>"; };
		8E75ECD7289647B4008A1221 /* EventPosterView.swift */ = {isa = PBXFileReference; fileEncoding = 4; lastKnownFileType = sourcecode.swift; path = EventPosterView.swift; sourceTree = "<group>"; };
		8E75ECE3289647DC008A1221 /* Event.swift */ = {isa = PBXFileReference; fileEncoding = 4; lastKnownFileType = sourcecode.swift; path = Event.swift; sourceTree = "<group>"; };
		8E75ECE4289647DC008A1221 /* CouponType.swift */ = {isa = PBXFileReference; fileEncoding = 4; lastKnownFileType = sourcecode.swift; path = CouponType.swift; sourceTree = "<group>"; };
		8E75ECE5289647DC008A1221 /* DummyModel.swift */ = {isa = PBXFileReference; fileEncoding = 4; lastKnownFileType = sourcecode.swift; path = DummyModel.swift; sourceTree = "<group>"; };
		8E75ECE6289647DC008A1221 /* EventValid.swift */ = {isa = PBXFileReference; fileEncoding = 4; lastKnownFileType = sourcecode.swift; path = EventValid.swift; sourceTree = "<group>"; };
		8E75ECED289647E7008A1221 /* APIRequestManager.swift */ = {isa = PBXFileReference; fileEncoding = 4; lastKnownFileType = sourcecode.swift; path = APIRequestManager.swift; sourceTree = "<group>"; };
		8E75ECEF289647E7008A1221 /* EventNetworkManager.swift */ = {isa = PBXFileReference; fileEncoding = 4; lastKnownFileType = sourcecode.swift; path = EventNetworkManager.swift; sourceTree = "<group>"; };
		8E75ECF0289647E7008A1221 /* EventAPI.swift */ = {isa = PBXFileReference; fileEncoding = 4; lastKnownFileType = sourcecode.swift; path = EventAPI.swift; sourceTree = "<group>"; };
		8E75ECF2289647E7008A1221 /* HTTPMethods.swift */ = {isa = PBXFileReference; fileEncoding = 4; lastKnownFileType = sourcecode.swift; path = HTTPMethods.swift; sourceTree = "<group>"; };
		8E75ECF3289647E7008A1221 /* RequestNeeds.swift */ = {isa = PBXFileReference; fileEncoding = 4; lastKnownFileType = sourcecode.swift; path = RequestNeeds.swift; sourceTree = "<group>"; };
		8E75ECF4289647E7008A1221 /* NetworkError.swift */ = {isa = PBXFileReference; fileEncoding = 4; lastKnownFileType = sourcecode.swift; path = NetworkError.swift; sourceTree = "<group>"; };
		8E75ECFC289647F0008A1221 /* Date.swift */ = {isa = PBXFileReference; fileEncoding = 4; lastKnownFileType = sourcecode.swift; path = Date.swift; sourceTree = "<group>"; };
		8E75ECFD289647F0008A1221 /* UIView.swift */ = {isa = PBXFileReference; fileEncoding = 4; lastKnownFileType = sourcecode.swift; path = UIView.swift; sourceTree = "<group>"; };
		8E75ECFE289647F0008A1221 /* String.swift */ = {isa = PBXFileReference; fileEncoding = 4; lastKnownFileType = sourcecode.swift; path = String.swift; sourceTree = "<group>"; };
		8E75ECFF289647F0008A1221 /* UIImage.swift */ = {isa = PBXFileReference; fileEncoding = 4; lastKnownFileType = sourcecode.swift; path = UIImage.swift; sourceTree = "<group>"; };
		8E75ED00289647F0008A1221 /* UIViewController.swift */ = {isa = PBXFileReference; fileEncoding = 4; lastKnownFileType = sourcecode.swift; path = UIViewController.swift; sourceTree = "<group>"; };
		8E75ED01289647F0008A1221 /* UIFont.swift */ = {isa = PBXFileReference; fileEncoding = 4; lastKnownFileType = sourcecode.swift; path = UIFont.swift; sourceTree = "<group>"; };
		8E75ED02289647F0008A1221 /* UIAlertController.swift */ = {isa = PBXFileReference; fileEncoding = 4; lastKnownFileType = sourcecode.swift; path = UIAlertController.swift; sourceTree = "<group>"; };
		B1A36AB5287AA26A00DE64C8 /* Foorun.app */ = {isa = PBXFileReference; explicitFileType = wrapper.application; includeInIndex = 0; path = Foorun.app; sourceTree = BUILT_PRODUCTS_DIR; };
		B1A36AB8287AA26A00DE64C8 /* AppDelegate.swift */ = {isa = PBXFileReference; lastKnownFileType = sourcecode.swift; path = AppDelegate.swift; sourceTree = "<group>"; };
		B1A36ABA287AA26A00DE64C8 /* SceneDelegate.swift */ = {isa = PBXFileReference; lastKnownFileType = sourcecode.swift; path = SceneDelegate.swift; sourceTree = "<group>"; };
		B1A36AC1287AA26B00DE64C8 /* Assets.xcassets */ = {isa = PBXFileReference; lastKnownFileType = folder.assetcatalog; path = Assets.xcassets; sourceTree = "<group>"; };
		B1A36AC4287AA26B00DE64C8 /* Base */ = {isa = PBXFileReference; lastKnownFileType = file.storyboard; name = Base; path = Base.lproj/LaunchScreen.storyboard; sourceTree = "<group>"; };
		B1A36AC6287AA26B00DE64C8 /* Info.plist */ = {isa = PBXFileReference; lastKnownFileType = text.plist.xml; path = Info.plist; sourceTree = "<group>"; };
		B1A36ACB287AA26B00DE64C8 /* FoorunTests.xctest */ = {isa = PBXFileReference; explicitFileType = wrapper.cfbundle; includeInIndex = 0; path = FoorunTests.xctest; sourceTree = BUILT_PRODUCTS_DIR; };
		B1A36ACF287AA26B00DE64C8 /* FoorunTests.swift */ = {isa = PBXFileReference; lastKnownFileType = sourcecode.swift; path = FoorunTests.swift; sourceTree = "<group>"; };
		B1A36AD5287AA26B00DE64C8 /* FoorunUITests.xctest */ = {isa = PBXFileReference; explicitFileType = wrapper.cfbundle; includeInIndex = 0; path = FoorunUITests.xctest; sourceTree = BUILT_PRODUCTS_DIR; };
		B1A36AD9287AA26B00DE64C8 /* FoorunUITests.swift */ = {isa = PBXFileReference; lastKnownFileType = sourcecode.swift; path = FoorunUITests.swift; sourceTree = "<group>"; };
		B1A36ADB287AA26B00DE64C8 /* FoorunUITestsLaunchTests.swift */ = {isa = PBXFileReference; lastKnownFileType = sourcecode.swift; path = FoorunUITestsLaunchTests.swift; sourceTree = "<group>"; };
		B1A36B72287AAA0D00DE64C8 /* FoorunKey.framework */ = {isa = PBXFileReference; explicitFileType = wrapper.framework; path = FoorunKey.framework; sourceTree = BUILT_PRODUCTS_DIR; };
		B1A410772896650000B9306A /* SettingViewModel.swift */ = {isa = PBXFileReference; fileEncoding = 4; lastKnownFileType = sourcecode.swift; path = SettingViewModel.swift; sourceTree = "<group>"; };
		B1A410792896650000B9306A /* SNSView.swift */ = {isa = PBXFileReference; fileEncoding = 4; lastKnownFileType = sourcecode.swift; path = SNSView.swift; sourceTree = "<group>"; };
		B1A4107A2896650000B9306A /* InformationView.swift */ = {isa = PBXFileReference; fileEncoding = 4; lastKnownFileType = sourcecode.swift; path = InformationView.swift; sourceTree = "<group>"; };
		B1A4107B2896650000B9306A /* MyPageView.swift */ = {isa = PBXFileReference; fileEncoding = 4; lastKnownFileType = sourcecode.swift; path = MyPageView.swift; sourceTree = "<group>"; };
		B1A4107C2896650000B9306A /* SettingView.swift */ = {isa = PBXFileReference; fileEncoding = 4; lastKnownFileType = sourcecode.swift; path = SettingView.swift; sourceTree = "<group>"; };
		B1A41084289669D600B9306A /* CertificationView.swift */ = {isa = PBXFileReference; lastKnownFileType = sourcecode.swift; path = CertificationView.swift; sourceTree = "<group>"; };
		F0BFAADA2896723600FB499E /* APIClient.swift */ = {isa = PBXFileReference; lastKnownFileType = sourcecode.swift; path = APIClient.swift; sourceTree = "<group>"; };
		F0BFAADD2896725700FB499E /* RestaurantList.swift */ = {isa = PBXFileReference; lastKnownFileType = sourcecode.swift; path = RestaurantList.swift; sourceTree = "<group>"; };
/* End PBXFileReference section */

/* Begin PBXFrameworksBuildPhase section */
		B1A36AB2287AA26A00DE64C8 /* Frameworks */ = {
			isa = PBXFrameworksBuildPhase;
			buildActionMask = 2147483647;
			files = (
				B1A36B7B287AB01400DE64C8 /* SnapKit in Frameworks */,
				8E75ECB928963C1D008A1221 /* FoorunKey.framework in Frameworks */,
				B1A36B78287AACE200DE64C8 /* Logger in Frameworks */,
				B1A36B94287ADB6300DE64C8 /* ReferenceKit in Frameworks */,
				F0BFAAE12896729300FB499E /* Alamofire in Frameworks */,
				B1A36B7E287AB04D00DE64C8 /* Then in Frameworks */,
			);
			runOnlyForDeploymentPostprocessing = 0;
		};
		B1A36AC8287AA26B00DE64C8 /* Frameworks */ = {
			isa = PBXFrameworksBuildPhase;
			buildActionMask = 2147483647;
			files = (
			);
			runOnlyForDeploymentPostprocessing = 0;
		};
		B1A36AD2287AA26B00DE64C8 /* Frameworks */ = {
			isa = PBXFrameworksBuildPhase;
			buildActionMask = 2147483647;
			files = (
			);
			runOnlyForDeploymentPostprocessing = 0;
		};
/* End PBXFrameworksBuildPhase section */

/* Begin PBXGroup section */
		8E75ECBD289645A9008A1221 /* Products */ = {
			isa = PBXGroup;
			children = (
				8E75ECC2289645A9008A1221 /* FoorunKey.framework */,
				8E75ECC4289645A9008A1221 /* FoorunKeyTests.xctest */,
			);
			name = Products;
			sourceTree = "<group>";
		};
		8E75ECC8289647B4008A1221 /* Event */ = {
			isa = PBXGroup;
			children = (
				8E75ECC9289647B4008A1221 /* EventViewController.swift */,
				8E75ECCA289647B4008A1221 /* SubComponents */,
			);
			path = Event;
			sourceTree = "<group>";
		};
		8E75ECCA289647B4008A1221 /* SubComponents */ = {
			isa = PBXGroup;
			children = (
				8E75ECCB289647B4008A1221 /* EventListView */,
				8E75ECCE289647B4008A1221 /* EventHeaderView */,
				8E75ECD0289647B4008A1221 /* EventDetail */,
			);
			path = SubComponents;
			sourceTree = "<group>";
		};
		8E75ECCB289647B4008A1221 /* EventListView */ = {
			isa = PBXGroup;
			children = (
				8E75ECCC289647B4008A1221 /* EventCell.swift */,
				8E75ECCD289647B4008A1221 /* EventListView.swift */,
			);
			path = EventListView;
			sourceTree = "<group>";
		};
		8E75ECCE289647B4008A1221 /* EventHeaderView */ = {
			isa = PBXGroup;
			children = (
				8E75ECCF289647B4008A1221 /* EventHeaderView.swift */,
			);
			path = EventHeaderView;
			sourceTree = "<group>";
		};
		8E75ECD0289647B4008A1221 /* EventDetail */ = {
			isa = PBXGroup;
			children = (
				8E75ECD1289647B4008A1221 /* BlankView.swift */,
				8E75ECD2289647B4008A1221 /* CouponBottomView.swift */,
				8E75ECD3289647B4008A1221 /* EventDetailViewController.swift */,
				8E75ECD4289647B4008A1221 /* EventDescriptionsView */,
				8E75ECD7289647B4008A1221 /* EventPosterView.swift */,
			);
			path = EventDetail;
			sourceTree = "<group>";
		};
		8E75ECD4289647B4008A1221 /* EventDescriptionsView */ = {
			isa = PBXGroup;
			children = (
				8E75ECD5289647B4008A1221 /* EventDescriptionView.swift */,
				8E75ECD6289647B4008A1221 /* EventNoticeDescriptionCell.swift */,
			);
			path = EventDescriptionsView;
			sourceTree = "<group>";
		};
		8E75ECE2289647DC008A1221 /* Model */ = {
			isa = PBXGroup;
			children = (
				8E75ECE3289647DC008A1221 /* Event.swift */,
				8E75ECE4289647DC008A1221 /* CouponType.swift */,
				8E75ECE5289647DC008A1221 /* DummyModel.swift */,
				8E75ECE6289647DC008A1221 /* EventValid.swift */,
			);
			path = Model;
			sourceTree = "<group>";
		};
		8E75ECEB289647E7008A1221 /* Network */ = {
			isa = PBXGroup;
			children = (
				8E75ECEC289647E7008A1221 /* NetworkManager */,
				8E75ECEE289647E7008A1221 /* EventNetwork */,
				8E75ECF1289647E7008A1221 /* Service */,
			);
			path = Network;
			sourceTree = "<group>";
		};
		8E75ECEC289647E7008A1221 /* NetworkManager */ = {
			isa = PBXGroup;
			children = (
				8E75ECED289647E7008A1221 /* APIRequestManager.swift */,
			);
			path = NetworkManager;
			sourceTree = "<group>";
		};
		8E75ECEE289647E7008A1221 /* EventNetwork */ = {
			isa = PBXGroup;
			children = (
				8E75ECEF289647E7008A1221 /* EventNetworkManager.swift */,
				8E75ECF0289647E7008A1221 /* EventAPI.swift */,
			);
			path = EventNetwork;
			sourceTree = "<group>";
		};
		8E75ECF1289647E7008A1221 /* Service */ = {
			isa = PBXGroup;
			children = (
				8E75ECF2289647E7008A1221 /* HTTPMethods.swift */,
				8E75ECF3289647E7008A1221 /* RequestNeeds.swift */,
				8E75ECF4289647E7008A1221 /* NetworkError.swift */,
			);
			path = Service;
			sourceTree = "<group>";
		};
		8E75ECFB289647F0008A1221 /* Extensions */ = {
			isa = PBXGroup;
			children = (
				8E75ECFC289647F0008A1221 /* Date.swift */,
				8E75ECFD289647F0008A1221 /* UIView.swift */,
				8E75ECFE289647F0008A1221 /* String.swift */,
				8E75ECFF289647F0008A1221 /* UIImage.swift */,
				8E75ED00289647F0008A1221 /* UIViewController.swift */,
				8E75ED01289647F0008A1221 /* UIFont.swift */,
				8E75ED02289647F0008A1221 /* UIAlertController.swift */,
			);
			path = Extensions;
			sourceTree = "<group>";
		};
		B1A36AAC287AA26A00DE64C8 = {
			isa = PBXGroup;
			children = (
				B1A36AB7287AA26A00DE64C8 /* Foorun */,
				B1A36ACE287AA26B00DE64C8 /* FoorunTests */,
				B1A36AD8287AA26B00DE64C8 /* FoorunUITests */,
				B1A36AB6287AA26A00DE64C8 /* Products */,
				B1A36B71287AAA0D00DE64C8 /* Frameworks */,
			);
			sourceTree = "<group>";
		};
		B1A36AB6287AA26A00DE64C8 /* Products */ = {
			isa = PBXGroup;
			children = (
				B1A36AB5287AA26A00DE64C8 /* Foorun.app */,
				B1A36ACB287AA26B00DE64C8 /* FoorunTests.xctest */,
				B1A36AD5287AA26B00DE64C8 /* FoorunUITests.xctest */,
			);
			name = Products;
			sourceTree = "<group>";
		};
		B1A36AB7287AA26A00DE64C8 /* Foorun */ = {
			isa = PBXGroup;
			children = (
				F0BFAAD92896722900FB499E /* SDK */,
				B1A36AB8287AA26A00DE64C8 /* AppDelegate.swift */,
				B1A36ABA287AA26A00DE64C8 /* SceneDelegate.swift */,
				B1A36ABC287AA26A00DE64C8 /* ViewController.swift */,
				8E75ECFB289647F0008A1221 /* Extensions */,
				8E75ECEB289647E7008A1221 /* Network */,
				8E75ECE2289647DC008A1221 /* Model */,
				8E75ECC8289647B4008A1221 /* Event */,
				B1A410762896650000B9306A /* Setting */,
				B1A36AC1287AA26B00DE64C8 /* Assets.xcassets */,
				B1A36AC3287AA26B00DE64C8 /* LaunchScreen.storyboard */,
				B1A36AC6287AA26B00DE64C8 /* Info.plist */,
			);
			path = Foorun;
			sourceTree = "<group>";
		};
		B1A36ACE287AA26B00DE64C8 /* FoorunTests */ = {
			isa = PBXGroup;
			children = (
				B1A36ACF287AA26B00DE64C8 /* FoorunTests.swift */,
			);
			path = FoorunTests;
			sourceTree = "<group>";
		};
		B1A36AD8287AA26B00DE64C8 /* FoorunUITests */ = {
			isa = PBXGroup;
			children = (
				B1A36AD9287AA26B00DE64C8 /* FoorunUITests.swift */,
				B1A36ADB287AA26B00DE64C8 /* FoorunUITestsLaunchTests.swift */,
			);
			path = FoorunUITests;
			sourceTree = "<group>";
		};
		B1A36B71287AAA0D00DE64C8 /* Frameworks */ = {
			isa = PBXGroup;
			children = (
				B1A36B72287AAA0D00DE64C8 /* FoorunKey.framework */,
				8E75ECBC289645A9008A1221 /* FoorunKey.xcodeproj */,
			);
			name = Frameworks;
			sourceTree = "<group>";
		};
		B1A410762896650000B9306A /* Setting */ = {
			isa = PBXGroup;
			children = (
				B1A410772896650000B9306A /* SettingViewModel.swift */,
				B1A4107C2896650000B9306A /* SettingView.swift */,
				B1A410782896650000B9306A /* Views */,
			);
			path = Setting;
			sourceTree = "<group>";
		};
		B1A410782896650000B9306A /* Views */ = {
			isa = PBXGroup;
			children = (
				B1A410792896650000B9306A /* SNSView.swift */,
				B1A4107A2896650000B9306A /* InformationView.swift */,
				B1A4107B2896650000B9306A /* MyPageView.swift */,
				B1A41084289669D600B9306A /* CertificationView.swift */,
			);
			path = Views;
			sourceTree = "<group>";
		};
		F0BFAAD92896722900FB499E /* SDK */ = {
			isa = PBXGroup;
			children = (
				F0BFAADC2896724400FB499E /* Model */,
				F0BFAADA2896723600FB499E /* APIClient.swift */,
			);
			path = SDK;
			sourceTree = "<group>";
		};
		F0BFAADC2896724400FB499E /* Model */ = {
			isa = PBXGroup;
			children = (
				F0BFAADD2896725700FB499E /* RestaurantList.swift */,
			);
			path = Model;
			sourceTree = "<group>";
		};
/* End PBXGroup section */

/* Begin PBXNativeTarget section */
		B1A36AB4287AA26A00DE64C8 /* Foorun */ = {
			isa = PBXNativeTarget;
			buildConfigurationList = B1A36ADF287AA26B00DE64C8 /* Build configuration list for PBXNativeTarget "Foorun" */;
			buildPhases = (
				B1A36AB1287AA26A00DE64C8 /* Sources */,
				B1A36AB2287AA26A00DE64C8 /* Frameworks */,
				B1A36AB3287AA26A00DE64C8 /* Resources */,
				8E75ECBB28963C1E008A1221 /* Embed Frameworks */,
			);
			buildRules = (
			);
			dependencies = (
			);
			name = Foorun;
			packageProductDependencies = (
				B1A36B77287AACE200DE64C8 /* Logger */,
				B1A36B7A287AB01400DE64C8 /* SnapKit */,
				B1A36B7D287AB04D00DE64C8 /* Then */,
				B1A36B93287ADB6300DE64C8 /* ReferenceKit */,
				F0BFAAE02896729300FB499E /* Alamofire */,
			);
			productName = Foorun;
			productReference = B1A36AB5287AA26A00DE64C8 /* Foorun.app */;
			productType = "com.apple.product-type.application";
		};
		B1A36ACA287AA26B00DE64C8 /* FoorunTests */ = {
			isa = PBXNativeTarget;
			buildConfigurationList = B1A36AE2287AA26B00DE64C8 /* Build configuration list for PBXNativeTarget "FoorunTests" */;
			buildPhases = (
				B1A36AC7287AA26B00DE64C8 /* Sources */,
				B1A36AC8287AA26B00DE64C8 /* Frameworks */,
				B1A36AC9287AA26B00DE64C8 /* Resources */,
			);
			buildRules = (
			);
			dependencies = (
				B1A36ACD287AA26B00DE64C8 /* PBXTargetDependency */,
			);
			name = FoorunTests;
			productName = FoorunTests;
			productReference = B1A36ACB287AA26B00DE64C8 /* FoorunTests.xctest */;
			productType = "com.apple.product-type.bundle.unit-test";
		};
		B1A36AD4287AA26B00DE64C8 /* FoorunUITests */ = {
			isa = PBXNativeTarget;
			buildConfigurationList = B1A36AE5287AA26B00DE64C8 /* Build configuration list for PBXNativeTarget "FoorunUITests" */;
			buildPhases = (
				B1A36AD1287AA26B00DE64C8 /* Sources */,
				B1A36AD2287AA26B00DE64C8 /* Frameworks */,
				B1A36AD3287AA26B00DE64C8 /* Resources */,
			);
			buildRules = (
			);
			dependencies = (
				B1A36AD7287AA26B00DE64C8 /* PBXTargetDependency */,
			);
			name = FoorunUITests;
			productName = FoorunUITests;
			productReference = B1A36AD5287AA26B00DE64C8 /* FoorunUITests.xctest */;
			productType = "com.apple.product-type.bundle.ui-testing";
		};
/* End PBXNativeTarget section */

/* Begin PBXProject section */
		B1A36AAD287AA26A00DE64C8 /* Project object */ = {
			isa = PBXProject;
			attributes = {
				BuildIndependentTargetsInParallel = 1;
				LastSwiftUpdateCheck = 1320;
				LastUpgradeCheck = 1320;
				TargetAttributes = {
					B1A36AB4287AA26A00DE64C8 = {
						CreatedOnToolsVersion = 13.2.1;
					};
					B1A36ACA287AA26B00DE64C8 = {
						CreatedOnToolsVersion = 13.2.1;
						TestTargetID = B1A36AB4287AA26A00DE64C8;
					};
					B1A36AD4287AA26B00DE64C8 = {
						CreatedOnToolsVersion = 13.2.1;
						TestTargetID = B1A36AB4287AA26A00DE64C8;
					};
				};
			};
			buildConfigurationList = B1A36AB0287AA26A00DE64C8 /* Build configuration list for PBXProject "Foorun" */;
			compatibilityVersion = "Xcode 13.0";
			developmentRegion = en;
			hasScannedForEncodings = 0;
			knownRegions = (
				en,
				Base,
			);
			mainGroup = B1A36AAC287AA26A00DE64C8;
			packageReferences = (
				B1A36B76287AACE200DE64C8 /* XCRemoteSwiftPackageReference "Logger" */,
				B1A36B79287AB01400DE64C8 /* XCRemoteSwiftPackageReference "SnapKit" */,
				B1A36B7C287AB04D00DE64C8 /* XCRemoteSwiftPackageReference "Then" */,
				B1A36B92287ADB6300DE64C8 /* XCRemoteSwiftPackageReference "ReferenceKit" */,
				F0BFAADF2896729300FB499E /* XCRemoteSwiftPackageReference "Alamofire" */,
			);
			productRefGroup = B1A36AB6287AA26A00DE64C8 /* Products */;
			projectDirPath = "";
			projectReferences = (
				{
					ProductGroup = 8E75ECBD289645A9008A1221 /* Products */;
					ProjectRef = 8E75ECBC289645A9008A1221 /* FoorunKey.xcodeproj */;
				},
			);
			projectRoot = "";
			targets = (
				B1A36AB4287AA26A00DE64C8 /* Foorun */,
				B1A36ACA287AA26B00DE64C8 /* FoorunTests */,
				B1A36AD4287AA26B00DE64C8 /* FoorunUITests */,
			);
		};
/* End PBXProject section */

/* Begin PBXReferenceProxy section */
		8E75ECC2289645A9008A1221 /* FoorunKey.framework */ = {
			isa = PBXReferenceProxy;
			fileType = wrapper.framework;
			path = FoorunKey.framework;
			remoteRef = 8E75ECC1289645A9008A1221 /* PBXContainerItemProxy */;
			sourceTree = BUILT_PRODUCTS_DIR;
		};
		8E75ECC4289645A9008A1221 /* FoorunKeyTests.xctest */ = {
			isa = PBXReferenceProxy;
			fileType = wrapper.cfbundle;
			path = FoorunKeyTests.xctest;
			remoteRef = 8E75ECC3289645A9008A1221 /* PBXContainerItemProxy */;
			sourceTree = BUILT_PRODUCTS_DIR;
		};
/* End PBXReferenceProxy section */

/* Begin PBXResourcesBuildPhase section */
		B1A36AB3287AA26A00DE64C8 /* Resources */ = {
			isa = PBXResourcesBuildPhase;
			buildActionMask = 2147483647;
			files = (
				B1A36AC5287AA26B00DE64C8 /* LaunchScreen.storyboard in Resources */,
				B1A36AC2287AA26B00DE64C8 /* Assets.xcassets in Resources */,
			);
			runOnlyForDeploymentPostprocessing = 0;
		};
		B1A36AC9287AA26B00DE64C8 /* Resources */ = {
			isa = PBXResourcesBuildPhase;
			buildActionMask = 2147483647;
			files = (
			);
			runOnlyForDeploymentPostprocessing = 0;
		};
		B1A36AD3287AA26B00DE64C8 /* Resources */ = {
			isa = PBXResourcesBuildPhase;
			buildActionMask = 2147483647;
			files = (
			);
			runOnlyForDeploymentPostprocessing = 0;
		};
/* End PBXResourcesBuildPhase section */

/* Begin PBXSourcesBuildPhase section */
		B1A36AB1287AA26A00DE64C8 /* Sources */ = {
			isa = PBXSourcesBuildPhase;
			buildActionMask = 2147483647;
			files = (
				8E75ECF6289647E7008A1221 /* EventNetworkManager.swift in Sources */,
				8E75ECD8289647B4008A1221 /* EventViewController.swift in Sources */,
				8E75ECFA289647E7008A1221 /* NetworkError.swift in Sources */,
				B1A36ABD287AA26A00DE64C8 /* ViewController.swift in Sources */,
				8E75ED09289647F0008A1221 /* UIAlertController.swift in Sources */,
				8E75ECDA289647B4008A1221 /* EventListView.swift in Sources */,
				8E75ECDC289647B4008A1221 /* BlankView.swift in Sources */,
				8E75ED06289647F0008A1221 /* UIImage.swift in Sources */,
				8E75ECF9289647E7008A1221 /* RequestNeeds.swift in Sources */,
				8E75ECF7289647E7008A1221 /* EventAPI.swift in Sources */,
				F0BFAADE2896725700FB499E /* RestaurantList.swift in Sources */,
				B1A410802896650000B9306A /* MyPageView.swift in Sources */,
				B1A41085289669D600B9306A /* CertificationView.swift in Sources */,
				B1A36AB9287AA26A00DE64C8 /* AppDelegate.swift in Sources */,
				8E75ECE8289647DC008A1221 /* CouponType.swift in Sources */,
				8E75ECEA289647DC008A1221 /* EventValid.swift in Sources */,
				8E75ECDF289647B4008A1221 /* EventDescriptionView.swift in Sources */,
				8E75ECD9289647B4008A1221 /* EventCell.swift in Sources */,
				8E75ED07289647F0008A1221 /* UIViewController.swift in Sources */,
				8E75ECE9289647DC008A1221 /* DummyModel.swift in Sources */,
				8E75ED05289647F0008A1221 /* String.swift in Sources */,
				8E75ECDD289647B4008A1221 /* CouponBottomView.swift in Sources */,
				8E75ECE0289647B4008A1221 /* EventNoticeDescriptionCell.swift in Sources */,
				8E75ECF5289647E7008A1221 /* APIRequestManager.swift in Sources */,
				8E75ECE1289647B4008A1221 /* EventPosterView.swift in Sources */,
				8E75ECDB289647B4008A1221 /* EventHeaderView.swift in Sources */,
				8E75ED03289647F0008A1221 /* Date.swift in Sources */,
				8E75ED04289647F0008A1221 /* UIView.swift in Sources */,
				8E75ECDE289647B4008A1221 /* EventDetailViewController.swift in Sources */,
				8E75ED08289647F0008A1221 /* UIFont.swift in Sources */,
				8E75ECE7289647DC008A1221 /* Event.swift in Sources */,
				B1A36ABB287AA26A00DE64C8 /* SceneDelegate.swift in Sources */,
				8E75ECF8289647E7008A1221 /* HTTPMethods.swift in Sources */,
				B1A4107F2896650000B9306A /* InformationView.swift in Sources */,
				B1A410812896650000B9306A /* SettingView.swift in Sources */,
				B1A4107E2896650000B9306A /* SNSView.swift in Sources */,
				B1A4107D2896650000B9306A /* SettingViewModel.swift in Sources */,
				F0BFAADB2896723600FB499E /* APIClient.swift in Sources */,
			);
			runOnlyForDeploymentPostprocessing = 0;
		};
		B1A36AC7287AA26B00DE64C8 /* Sources */ = {
			isa = PBXSourcesBuildPhase;
			buildActionMask = 2147483647;
			files = (
				B1A36AD0287AA26B00DE64C8 /* FoorunTests.swift in Sources */,
			);
			runOnlyForDeploymentPostprocessing = 0;
		};
		B1A36AD1287AA26B00DE64C8 /* Sources */ = {
			isa = PBXSourcesBuildPhase;
			buildActionMask = 2147483647;
			files = (
				B1A36ADA287AA26B00DE64C8 /* FoorunUITests.swift in Sources */,
				B1A36ADC287AA26B00DE64C8 /* FoorunUITestsLaunchTests.swift in Sources */,
			);
			runOnlyForDeploymentPostprocessing = 0;
		};
/* End PBXSourcesBuildPhase section */

/* Begin PBXTargetDependency section */
		B1A36ACD287AA26B00DE64C8 /* PBXTargetDependency */ = {
			isa = PBXTargetDependency;
			target = B1A36AB4287AA26A00DE64C8 /* Foorun */;
			targetProxy = B1A36ACC287AA26B00DE64C8 /* PBXContainerItemProxy */;
		};
		B1A36AD7287AA26B00DE64C8 /* PBXTargetDependency */ = {
			isa = PBXTargetDependency;
			target = B1A36AB4287AA26A00DE64C8 /* Foorun */;
			targetProxy = B1A36AD6287AA26B00DE64C8 /* PBXContainerItemProxy */;
		};
/* End PBXTargetDependency section */

/* Begin PBXVariantGroup section */
		B1A36AC3287AA26B00DE64C8 /* LaunchScreen.storyboard */ = {
			isa = PBXVariantGroup;
			children = (
				B1A36AC4287AA26B00DE64C8 /* Base */,
			);
			name = LaunchScreen.storyboard;
			sourceTree = "<group>";
		};
/* End PBXVariantGroup section */

/* Begin XCBuildConfiguration section */
		B1A36ADD287AA26B00DE64C8 /* Debug */ = {
			isa = XCBuildConfiguration;
			buildSettings = {
				ALWAYS_SEARCH_USER_PATHS = NO;
				CLANG_ANALYZER_NONNULL = YES;
				CLANG_ANALYZER_NUMBER_OBJECT_CONVERSION = YES_AGGRESSIVE;
				CLANG_CXX_LANGUAGE_STANDARD = "gnu++17";
				CLANG_CXX_LIBRARY = "libc++";
				CLANG_ENABLE_MODULES = YES;
				CLANG_ENABLE_OBJC_ARC = YES;
				CLANG_ENABLE_OBJC_WEAK = YES;
				CLANG_WARN_BLOCK_CAPTURE_AUTORELEASING = YES;
				CLANG_WARN_BOOL_CONVERSION = YES;
				CLANG_WARN_COMMA = YES;
				CLANG_WARN_CONSTANT_CONVERSION = YES;
				CLANG_WARN_DEPRECATED_OBJC_IMPLEMENTATIONS = YES;
				CLANG_WARN_DIRECT_OBJC_ISA_USAGE = YES_ERROR;
				CLANG_WARN_DOCUMENTATION_COMMENTS = YES;
				CLANG_WARN_EMPTY_BODY = YES;
				CLANG_WARN_ENUM_CONVERSION = YES;
				CLANG_WARN_INFINITE_RECURSION = YES;
				CLANG_WARN_INT_CONVERSION = YES;
				CLANG_WARN_NON_LITERAL_NULL_CONVERSION = YES;
				CLANG_WARN_OBJC_IMPLICIT_RETAIN_SELF = YES;
				CLANG_WARN_OBJC_LITERAL_CONVERSION = YES;
				CLANG_WARN_OBJC_ROOT_CLASS = YES_ERROR;
				CLANG_WARN_QUOTED_INCLUDE_IN_FRAMEWORK_HEADER = YES;
				CLANG_WARN_RANGE_LOOP_ANALYSIS = YES;
				CLANG_WARN_STRICT_PROTOTYPES = YES;
				CLANG_WARN_SUSPICIOUS_MOVE = YES;
				CLANG_WARN_UNGUARDED_AVAILABILITY = YES_AGGRESSIVE;
				CLANG_WARN_UNREACHABLE_CODE = YES;
				CLANG_WARN__DUPLICATE_METHOD_MATCH = YES;
				COPY_PHASE_STRIP = NO;
				DEBUG_INFORMATION_FORMAT = dwarf;
				ENABLE_STRICT_OBJC_MSGSEND = YES;
				ENABLE_TESTABILITY = YES;
				GCC_C_LANGUAGE_STANDARD = gnu11;
				GCC_DYNAMIC_NO_PIC = NO;
				GCC_NO_COMMON_BLOCKS = YES;
				GCC_OPTIMIZATION_LEVEL = 0;
				GCC_PREPROCESSOR_DEFINITIONS = (
					"DEBUG=1",
					"$(inherited)",
				);
				GCC_WARN_64_TO_32_BIT_CONVERSION = YES;
				GCC_WARN_ABOUT_RETURN_TYPE = YES_ERROR;
				GCC_WARN_UNDECLARED_SELECTOR = YES;
				GCC_WARN_UNINITIALIZED_AUTOS = YES_AGGRESSIVE;
				GCC_WARN_UNUSED_FUNCTION = YES;
				GCC_WARN_UNUSED_VARIABLE = YES;
				IPHONEOS_DEPLOYMENT_TARGET = 15.2;
				MTL_ENABLE_DEBUG_INFO = INCLUDE_SOURCE;
				MTL_FAST_MATH = YES;
				ONLY_ACTIVE_ARCH = YES;
				SDKROOT = iphoneos;
				SWIFT_ACTIVE_COMPILATION_CONDITIONS = DEBUG;
				SWIFT_OPTIMIZATION_LEVEL = "-Onone";
			};
			name = Debug;
		};
		B1A36ADE287AA26B00DE64C8 /* Release */ = {
			isa = XCBuildConfiguration;
			buildSettings = {
				ALWAYS_SEARCH_USER_PATHS = NO;
				CLANG_ANALYZER_NONNULL = YES;
				CLANG_ANALYZER_NUMBER_OBJECT_CONVERSION = YES_AGGRESSIVE;
				CLANG_CXX_LANGUAGE_STANDARD = "gnu++17";
				CLANG_CXX_LIBRARY = "libc++";
				CLANG_ENABLE_MODULES = YES;
				CLANG_ENABLE_OBJC_ARC = YES;
				CLANG_ENABLE_OBJC_WEAK = YES;
				CLANG_WARN_BLOCK_CAPTURE_AUTORELEASING = YES;
				CLANG_WARN_BOOL_CONVERSION = YES;
				CLANG_WARN_COMMA = YES;
				CLANG_WARN_CONSTANT_CONVERSION = YES;
				CLANG_WARN_DEPRECATED_OBJC_IMPLEMENTATIONS = YES;
				CLANG_WARN_DIRECT_OBJC_ISA_USAGE = YES_ERROR;
				CLANG_WARN_DOCUMENTATION_COMMENTS = YES;
				CLANG_WARN_EMPTY_BODY = YES;
				CLANG_WARN_ENUM_CONVERSION = YES;
				CLANG_WARN_INFINITE_RECURSION = YES;
				CLANG_WARN_INT_CONVERSION = YES;
				CLANG_WARN_NON_LITERAL_NULL_CONVERSION = YES;
				CLANG_WARN_OBJC_IMPLICIT_RETAIN_SELF = YES;
				CLANG_WARN_OBJC_LITERAL_CONVERSION = YES;
				CLANG_WARN_OBJC_ROOT_CLASS = YES_ERROR;
				CLANG_WARN_QUOTED_INCLUDE_IN_FRAMEWORK_HEADER = YES;
				CLANG_WARN_RANGE_LOOP_ANALYSIS = YES;
				CLANG_WARN_STRICT_PROTOTYPES = YES;
				CLANG_WARN_SUSPICIOUS_MOVE = YES;
				CLANG_WARN_UNGUARDED_AVAILABILITY = YES_AGGRESSIVE;
				CLANG_WARN_UNREACHABLE_CODE = YES;
				CLANG_WARN__DUPLICATE_METHOD_MATCH = YES;
				COPY_PHASE_STRIP = NO;
				DEBUG_INFORMATION_FORMAT = "dwarf-with-dsym";
				ENABLE_NS_ASSERTIONS = NO;
				ENABLE_STRICT_OBJC_MSGSEND = YES;
				GCC_C_LANGUAGE_STANDARD = gnu11;
				GCC_NO_COMMON_BLOCKS = YES;
				GCC_WARN_64_TO_32_BIT_CONVERSION = YES;
				GCC_WARN_ABOUT_RETURN_TYPE = YES_ERROR;
				GCC_WARN_UNDECLARED_SELECTOR = YES;
				GCC_WARN_UNINITIALIZED_AUTOS = YES_AGGRESSIVE;
				GCC_WARN_UNUSED_FUNCTION = YES;
				GCC_WARN_UNUSED_VARIABLE = YES;
				IPHONEOS_DEPLOYMENT_TARGET = 15.2;
				MTL_ENABLE_DEBUG_INFO = NO;
				MTL_FAST_MATH = YES;
				SDKROOT = iphoneos;
				SWIFT_COMPILATION_MODE = wholemodule;
				SWIFT_OPTIMIZATION_LEVEL = "-O";
				VALIDATE_PRODUCT = YES;
			};
			name = Release;
		};
		B1A36AE0287AA26B00DE64C8 /* Debug */ = {
			isa = XCBuildConfiguration;
			buildSettings = {
				ASSETCATALOG_COMPILER_APPICON_NAME = AppIcon;
				ASSETCATALOG_COMPILER_GLOBAL_ACCENT_COLOR_NAME = AccentColor;
				CODE_SIGN_STYLE = Automatic;
				CURRENT_PROJECT_VERSION = 1;
				DEVELOPMENT_TEAM = "";
				GENERATE_INFOPLIST_FILE = YES;
				INFOPLIST_FILE = Foorun/Info.plist;
				INFOPLIST_KEY_UIApplicationSupportsIndirectInputEvents = YES;
				INFOPLIST_KEY_UILaunchStoryboardName = LaunchScreen;
				INFOPLIST_KEY_UISupportedInterfaceOrientations_iPad = "UIInterfaceOrientationPortrait UIInterfaceOrientationPortraitUpsideDown UIInterfaceOrientationLandscapeLeft UIInterfaceOrientationLandscapeRight";
				INFOPLIST_KEY_UISupportedInterfaceOrientations_iPhone = "UIInterfaceOrientationPortrait UIInterfaceOrientationLandscapeLeft UIInterfaceOrientationLandscapeRight";
				LD_RUNPATH_SEARCH_PATHS = (
					"$(inherited)",
					"@executable_path/Frameworks",
				);
				MARKETING_VERSION = 1.0;
				PRODUCT_BUNDLE_IDENTIFIER = com.app.Foorun;
				PRODUCT_NAME = "$(TARGET_NAME)";
				SWIFT_EMIT_LOC_STRINGS = YES;
				SWIFT_VERSION = 5.0;
				TARGETED_DEVICE_FAMILY = "1,2";
			};
			name = Debug;
		};
		B1A36AE1287AA26B00DE64C8 /* Release */ = {
			isa = XCBuildConfiguration;
			buildSettings = {
				ASSETCATALOG_COMPILER_APPICON_NAME = AppIcon;
				ASSETCATALOG_COMPILER_GLOBAL_ACCENT_COLOR_NAME = AccentColor;
				CODE_SIGN_STYLE = Automatic;
				CURRENT_PROJECT_VERSION = 1;
				DEVELOPMENT_TEAM = "";
				GENERATE_INFOPLIST_FILE = YES;
				INFOPLIST_FILE = Foorun/Info.plist;
				INFOPLIST_KEY_UIApplicationSupportsIndirectInputEvents = YES;
				INFOPLIST_KEY_UILaunchStoryboardName = LaunchScreen;
				INFOPLIST_KEY_UISupportedInterfaceOrientations_iPad = "UIInterfaceOrientationPortrait UIInterfaceOrientationPortraitUpsideDown UIInterfaceOrientationLandscapeLeft UIInterfaceOrientationLandscapeRight";
				INFOPLIST_KEY_UISupportedInterfaceOrientations_iPhone = "UIInterfaceOrientationPortrait UIInterfaceOrientationLandscapeLeft UIInterfaceOrientationLandscapeRight";
				LD_RUNPATH_SEARCH_PATHS = (
					"$(inherited)",
					"@executable_path/Frameworks",
				);
				MARKETING_VERSION = 1.0;
				PRODUCT_BUNDLE_IDENTIFIER = com.app.Foorun;
				PRODUCT_NAME = "$(TARGET_NAME)";
				SWIFT_EMIT_LOC_STRINGS = YES;
				SWIFT_VERSION = 5.0;
				TARGETED_DEVICE_FAMILY = "1,2";
			};
			name = Release;
		};
		B1A36AE3287AA26B00DE64C8 /* Debug */ = {
			isa = XCBuildConfiguration;
			buildSettings = {
				ALWAYS_EMBED_SWIFT_STANDARD_LIBRARIES = YES;
				BUNDLE_LOADER = "$(TEST_HOST)";
				CODE_SIGN_STYLE = Automatic;
				CURRENT_PROJECT_VERSION = 1;
				GENERATE_INFOPLIST_FILE = YES;
				IPHONEOS_DEPLOYMENT_TARGET = 15.2;
				MARKETING_VERSION = 1.0;
				PRODUCT_BUNDLE_IDENTIFIER = com.app.FoorunTests;
				PRODUCT_NAME = "$(TARGET_NAME)";
				SWIFT_EMIT_LOC_STRINGS = NO;
				SWIFT_VERSION = 5.0;
				TARGETED_DEVICE_FAMILY = "1,2";
				TEST_HOST = "$(BUILT_PRODUCTS_DIR)/Foorun.app/Foorun";
			};
			name = Debug;
		};
		B1A36AE4287AA26B00DE64C8 /* Release */ = {
			isa = XCBuildConfiguration;
			buildSettings = {
				ALWAYS_EMBED_SWIFT_STANDARD_LIBRARIES = YES;
				BUNDLE_LOADER = "$(TEST_HOST)";
				CODE_SIGN_STYLE = Automatic;
				CURRENT_PROJECT_VERSION = 1;
				GENERATE_INFOPLIST_FILE = YES;
				IPHONEOS_DEPLOYMENT_TARGET = 15.2;
				MARKETING_VERSION = 1.0;
				PRODUCT_BUNDLE_IDENTIFIER = com.app.FoorunTests;
				PRODUCT_NAME = "$(TARGET_NAME)";
				SWIFT_EMIT_LOC_STRINGS = NO;
				SWIFT_VERSION = 5.0;
				TARGETED_DEVICE_FAMILY = "1,2";
				TEST_HOST = "$(BUILT_PRODUCTS_DIR)/Foorun.app/Foorun";
			};
			name = Release;
		};
		B1A36AE6287AA26B00DE64C8 /* Debug */ = {
			isa = XCBuildConfiguration;
			buildSettings = {
				ALWAYS_EMBED_SWIFT_STANDARD_LIBRARIES = YES;
				CODE_SIGN_STYLE = Automatic;
				CURRENT_PROJECT_VERSION = 1;
				GENERATE_INFOPLIST_FILE = YES;
				MARKETING_VERSION = 1.0;
				PRODUCT_BUNDLE_IDENTIFIER = com.app.FoorunUITests;
				PRODUCT_NAME = "$(TARGET_NAME)";
				SWIFT_EMIT_LOC_STRINGS = NO;
				SWIFT_VERSION = 5.0;
				TARGETED_DEVICE_FAMILY = "1,2";
				TEST_TARGET_NAME = Foorun;
			};
			name = Debug;
		};
		B1A36AE7287AA26B00DE64C8 /* Release */ = {
			isa = XCBuildConfiguration;
			buildSettings = {
				ALWAYS_EMBED_SWIFT_STANDARD_LIBRARIES = YES;
				CODE_SIGN_STYLE = Automatic;
				CURRENT_PROJECT_VERSION = 1;
				GENERATE_INFOPLIST_FILE = YES;
				MARKETING_VERSION = 1.0;
				PRODUCT_BUNDLE_IDENTIFIER = com.app.FoorunUITests;
				PRODUCT_NAME = "$(TARGET_NAME)";
				SWIFT_EMIT_LOC_STRINGS = NO;
				SWIFT_VERSION = 5.0;
				TARGETED_DEVICE_FAMILY = "1,2";
				TEST_TARGET_NAME = Foorun;
			};
			name = Release;
		};
/* End XCBuildConfiguration section */

/* Begin XCConfigurationList section */
		B1A36AB0287AA26A00DE64C8 /* Build configuration list for PBXProject "Foorun" */ = {
			isa = XCConfigurationList;
			buildConfigurations = (
				B1A36ADD287AA26B00DE64C8 /* Debug */,
				B1A36ADE287AA26B00DE64C8 /* Release */,
			);
			defaultConfigurationIsVisible = 0;
			defaultConfigurationName = Release;
		};
		B1A36ADF287AA26B00DE64C8 /* Build configuration list for PBXNativeTarget "Foorun" */ = {
			isa = XCConfigurationList;
			buildConfigurations = (
				B1A36AE0287AA26B00DE64C8 /* Debug */,
				B1A36AE1287AA26B00DE64C8 /* Release */,
			);
			defaultConfigurationIsVisible = 0;
			defaultConfigurationName = Release;
		};
		B1A36AE2287AA26B00DE64C8 /* Build configuration list for PBXNativeTarget "FoorunTests" */ = {
			isa = XCConfigurationList;
			buildConfigurations = (
				B1A36AE3287AA26B00DE64C8 /* Debug */,
				B1A36AE4287AA26B00DE64C8 /* Release */,
			);
			defaultConfigurationIsVisible = 0;
			defaultConfigurationName = Release;
		};
		B1A36AE5287AA26B00DE64C8 /* Build configuration list for PBXNativeTarget "FoorunUITests" */ = {
			isa = XCConfigurationList;
			buildConfigurations = (
				B1A36AE6287AA26B00DE64C8 /* Debug */,
				B1A36AE7287AA26B00DE64C8 /* Release */,
			);
			defaultConfigurationIsVisible = 0;
			defaultConfigurationName = Release;
		};
/* End XCConfigurationList section */

/* Begin XCRemoteSwiftPackageReference section */
		B1A36B76287AACE200DE64C8 /* XCRemoteSwiftPackageReference "Logger" */ = {
			isa = XCRemoteSwiftPackageReference;
			repositoryURL = "https://github.com/BoilerSwift/Logger";
			requirement = {
				kind = upToNextMajorVersion;
				minimumVersion = 1.0.1;
			};
		};
		B1A36B79287AB01400DE64C8 /* XCRemoteSwiftPackageReference "SnapKit" */ = {
			isa = XCRemoteSwiftPackageReference;
			repositoryURL = "https://github.com/SnapKit/SnapKit";
			requirement = {
				kind = upToNextMinorVersion;
				minimumVersion = 5.6.0;
			};
		};
		B1A36B7C287AB04D00DE64C8 /* XCRemoteSwiftPackageReference "Then" */ = {
			isa = XCRemoteSwiftPackageReference;
			repositoryURL = "https://github.com/devxoul/Then";
			requirement = {
				kind = upToNextMinorVersion;
				minimumVersion = 3.0.0;
			};
		};
		B1A36B92287ADB6300DE64C8 /* XCRemoteSwiftPackageReference "ReferenceKit" */ = {
			isa = XCRemoteSwiftPackageReference;
			repositoryURL = "https://github.com/BoilerSwift/ReferenceKit";
			requirement = {
				kind = upToNextMinorVersion;
				minimumVersion = 1.0.4;
			};
		};
		F0BFAADF2896729300FB499E /* XCRemoteSwiftPackageReference "Alamofire" */ = {
			isa = XCRemoteSwiftPackageReference;
			repositoryURL = "https://github.com/Alamofire/Alamofire.git";
			requirement = {
				branch = master;
				kind = branch;
			};
		};
/* End XCRemoteSwiftPackageReference section */

/* Begin XCSwiftPackageProductDependency section */
		B1A36B77287AACE200DE64C8 /* Logger */ = {
			isa = XCSwiftPackageProductDependency;
			package = B1A36B76287AACE200DE64C8 /* XCRemoteSwiftPackageReference "Logger" */;
			productName = Logger;
		};
		B1A36B7A287AB01400DE64C8 /* SnapKit */ = {
			isa = XCSwiftPackageProductDependency;
			package = B1A36B79287AB01400DE64C8 /* XCRemoteSwiftPackageReference "SnapKit" */;
			productName = SnapKit;
		};
		B1A36B7D287AB04D00DE64C8 /* Then */ = {
			isa = XCSwiftPackageProductDependency;
			package = B1A36B7C287AB04D00DE64C8 /* XCRemoteSwiftPackageReference "Then" */;
			productName = Then;
		};
		B1A36B93287ADB6300DE64C8 /* ReferenceKit */ = {
			isa = XCSwiftPackageProductDependency;
			package = B1A36B92287ADB6300DE64C8 /* XCRemoteSwiftPackageReference "ReferenceKit" */;
			productName = ReferenceKit;
		};
		F0BFAAE02896729300FB499E /* Alamofire */ = {
			isa = XCSwiftPackageProductDependency;
			package = F0BFAADF2896729300FB499E /* XCRemoteSwiftPackageReference "Alamofire" */;
			productName = Alamofire;
		};
/* End XCSwiftPackageProductDependency section */
	};
	rootObject = B1A36AAD287AA26A00DE64C8 /* Project object */;
}
